// !$*UTF8*$!
{
	archiveVersion = 1;
	classes = {
	};
	objectVersion = 56;
	objects = {

/* Begin PBXBuildFile section */
		46007CB42C8A57F000374869 /* SelectServiceView.swift in Sources */ = {isa = PBXBuildFile; fileRef = 46007CB32C8A57F000374869 /* SelectServiceView.swift */; };
		461B17DF2C866A4600DF490B /* ClientView.swift in Sources */ = {isa = PBXBuildFile; fileRef = 461B17DE2C866A4600DF490B /* ClientView.swift */; };
		461B17E12C866A5500DF490B /* ClientViewModel.swift in Sources */ = {isa = PBXBuildFile; fileRef = 461B17E02C866A5500DF490B /* ClientViewModel.swift */; };
		461B17E42C866A9300DF490B /* Client.swift in Sources */ = {isa = PBXBuildFile; fileRef = 461B17E32C866A9300DF490B /* Client.swift */; };
		461B17E62C866B3C00DF490B /* ClientCellView.swift in Sources */ = {isa = PBXBuildFile; fileRef = 461B17E52C866B3C00DF490B /* ClientCellView.swift */; };
		461B17E82C866C0700DF490B /* ClientDetailView.swift in Sources */ = {isa = PBXBuildFile; fileRef = 461B17E72C866C0700DF490B /* ClientDetailView.swift */; };
		461B17EA2C866C2A00DF490B /* CreateClientView.swift in Sources */ = {isa = PBXBuildFile; fileRef = 461B17E92C866C2A00DF490B /* CreateClientView.swift */; };
		461B17EC2C866FB600DF490B /* ReusableCapsule.swift in Sources */ = {isa = PBXBuildFile; fileRef = 461B17EB2C866FB600DF490B /* ReusableCapsule.swift */; };
		4633C70B2C8AFBB1007F15A9 /* BookServiceCellView.swift in Sources */ = {isa = PBXBuildFile; fileRef = 4633C70A2C8AFBB1007F15A9 /* BookServiceCellView.swift */; };
		4633C7102C8B1324007F15A9 /* DayView.swift in Sources */ = {isa = PBXBuildFile; fileRef = 4633C70F2C8B1324007F15A9 /* DayView.swift */; };
		4633C7122C8B3189007F15A9 /* ConfirmApptView.swift in Sources */ = {isa = PBXBuildFile; fileRef = 4633C7112C8B3189007F15A9 /* ConfirmApptView.swift */; };
		4633C7142C8B3543007F15A9 /* ConfirmApptHeaderView.swift in Sources */ = {isa = PBXBuildFile; fileRef = 4633C7132C8B3543007F15A9 /* ConfirmApptHeaderView.swift */; };
		4633C7172C8B635A007F15A9 /* ApptDetailView.swift in Sources */ = {isa = PBXBuildFile; fileRef = 4633C7162C8B635A007F15A9 /* ApptDetailView.swift */; };
		46414E432C8347430053B5D3 /* RootView.swift in Sources */ = {isa = PBXBuildFile; fileRef = 46414E422C8347430053B5D3 /* RootView.swift */; };
		46414E452C84F67C0053B5D3 /* HomeView.swift in Sources */ = {isa = PBXBuildFile; fileRef = 46414E442C84F67C0053B5D3 /* HomeView.swift */; };
		46414E472C84F68F0053B5D3 /* SignInView.swift in Sources */ = {isa = PBXBuildFile; fileRef = 46414E462C84F68F0053B5D3 /* SignInView.swift */; };
		46414E492C84F8E40053B5D3 /* RegistrationView.swift in Sources */ = {isa = PBXBuildFile; fileRef = 46414E482C84F8E40053B5D3 /* RegistrationView.swift */; };
		46414E4B2C84FD7D0053B5D3 /* InputView.swift in Sources */ = {isa = PBXBuildFile; fileRef = 46414E4A2C84FD7D0053B5D3 /* InputView.swift */; };
		4643506F2C8737B3002C6406 /* ChartView.swift in Sources */ = {isa = PBXBuildFile; fileRef = 4643506E2C8737B3002C6406 /* ChartView.swift */; };
		464350712C8737D7002C6406 /* ChartState.swift in Sources */ = {isa = PBXBuildFile; fileRef = 464350702C8737D7002C6406 /* ChartState.swift */; };
		464350732C8738DA002C6406 /* Journal.swift in Sources */ = {isa = PBXBuildFile; fileRef = 464350722C8738DA002C6406 /* Journal.swift */; };
		468DE5242C85F17700F72C62 /* FormIsValid.swift in Sources */ = {isa = PBXBuildFile; fileRef = 468DE5232C85F17700F72C62 /* FormIsValid.swift */; };
		468DE52D2C8612FA00F72C62 /* Date+Est.swift in Sources */ = {isa = PBXBuildFile; fileRef = 468DE52C2C8612FA00F72C62 /* Date+Est.swift */; };
		468DE5342C86190000F72C62 /* Appointment.swift in Sources */ = {isa = PBXBuildFile; fileRef = 468DE5332C86190000F72C62 /* Appointment.swift */; };
		468DE5372C86191F00F72C62 /* Calender.swift in Sources */ = {isa = PBXBuildFile; fileRef = 468DE5362C86191F00F72C62 /* Calender.swift */; };
		468DE5392C86197100F72C62 /* Hours.swift in Sources */ = {isa = PBXBuildFile; fileRef = 468DE5382C86197100F72C62 /* Hours.swift */; };
		468DE53C2C8619B000F72C62 /* Service.swift in Sources */ = {isa = PBXBuildFile; fileRef = 468DE53B2C8619B000F72C62 /* Service.swift */; };
		468DE5402C861B6A00F72C62 /* ServiceViewModel.swift in Sources */ = {isa = PBXBuildFile; fileRef = 468DE53F2C861B6A00F72C62 /* ServiceViewModel.swift */; };
		468DE5422C861B8200F72C62 /* FirebaseService.swift in Sources */ = {isa = PBXBuildFile; fileRef = 468DE5412C861B8200F72C62 /* FirebaseService.swift */; };
		468DE5452C861C2D00F72C62 /* PreviewProvider.swift in Sources */ = {isa = PBXBuildFile; fileRef = 468DE5442C861C2D00F72C62 /* PreviewProvider.swift */; };
		468DE5472C86269700F72C62 /* ServiceView.swift in Sources */ = {isa = PBXBuildFile; fileRef = 468DE5462C86269700F72C62 /* ServiceView.swift */; };
		468DE5492C8627D200F72C62 /* ServiceDetailView.swift in Sources */ = {isa = PBXBuildFile; fileRef = 468DE5482C8627D200F72C62 /* ServiceDetailView.swift */; };
		468DE54B2C8627EA00F72C62 /* CreateServiceView.swift in Sources */ = {isa = PBXBuildFile; fileRef = 468DE54A2C8627EA00F72C62 /* CreateServiceView.swift */; };
		468DE54E2C86283E00F72C62 /* ServiceCellView.swift in Sources */ = {isa = PBXBuildFile; fileRef = 468DE54D2C86283E00F72C62 /* ServiceCellView.swift */; };
		468DE5502C8628F600F72C62 /* ReusableHeader.swift in Sources */ = {isa = PBXBuildFile; fileRef = 468DE54F2C8628F600F72C62 /* ReusableHeader.swift */; };
		468DE5522C86298400F72C62 /* SearchBarView.swift in Sources */ = {isa = PBXBuildFile; fileRef = 468DE5512C86298400F72C62 /* SearchBarView.swift */; };
		468DE5552C8629DD00F72C62 /* CreateButton.swift in Sources */ = {isa = PBXBuildFile; fileRef = 468DE5542C8629DD00F72C62 /* CreateButton.swift */; };
		468DE5572C862B0D00F72C62 /* SelectDetailView.swift in Sources */ = {isa = PBXBuildFile; fileRef = 468DE5562C862B0D00F72C62 /* SelectDetailView.swift */; };
		468DE5592C8632F700F72C62 /* CreateTextfield.swift in Sources */ = {isa = PBXBuildFile; fileRef = 468DE5582C8632F700F72C62 /* CreateTextfield.swift */; };
		469A01972C8A08A60074B102 /* CalenderView.swift in Sources */ = {isa = PBXBuildFile; fileRef = 469A01962C8A08A60074B102 /* CalenderView.swift */; };
		469A019A2C8A09940074B102 /* CalenderHeaderView.swift in Sources */ = {isa = PBXBuildFile; fileRef = 469A01992C8A09940074B102 /* CalenderHeaderView.swift */; };
		469A01A22C8A16F10074B102 /* CalenderViewModel.swift in Sources */ = {isa = PBXBuildFile; fileRef = 469A01A12C8A16F10074B102 /* CalenderViewModel.swift */; };
		469A01A42C8A17420074B102 /* ChartViewModel.swift in Sources */ = {isa = PBXBuildFile; fileRef = 469A01A32C8A17420074B102 /* ChartViewModel.swift */; };
		469A01A62C8A21510074B102 /* BookApptView.swift in Sources */ = {isa = PBXBuildFile; fileRef = 469A01A52C8A21510074B102 /* BookApptView.swift */; };
		469A01A92C8A21BE0074B102 /* ApptInputView.swift in Sources */ = {isa = PBXBuildFile; fileRef = 469A01A82C8A21BE0074B102 /* ApptInputView.swift */; };
		469A01AB2C8A3BCF0074B102 /* SelectTimeView.swift in Sources */ = {isa = PBXBuildFile; fileRef = 469A01AA2C8A3BCF0074B102 /* SelectTimeView.swift */; };
		469A01AD2C8A40390074B102 /* NextButton.swift in Sources */ = {isa = PBXBuildFile; fileRef = 469A01AC2C8A40390074B102 /* NextButton.swift */; };
		469AF22E2C833DDB0069191E /* AuthService.swift in Sources */ = {isa = PBXBuildFile; fileRef = 469AF22D2C833DDB0069191E /* AuthService.swift */; };
		469AF2312C83450F0069191E /* AuthUser.swift in Sources */ = {isa = PBXBuildFile; fileRef = 469AF2302C83450F0069191E /* AuthUser.swift */; };
		469AF2352C8346A30069191E /* AuthenticationViewModel.swift in Sources */ = {isa = PBXBuildFile; fileRef = 469AF2342C8346A30069191E /* AuthenticationViewModel.swift */; };
		46A0CA282C8783A100ECFF89 /* HomeChartView.swift in Sources */ = {isa = PBXBuildFile; fileRef = 46A0CA272C8783A100ECFF89 /* HomeChartView.swift */; };
		46A7E9EC2C81FFAE00CD04DB /* JournalApp.swift in Sources */ = {isa = PBXBuildFile; fileRef = 46A7E9EB2C81FFAE00CD04DB /* JournalApp.swift */; };
		46A7E9F02C81FFAF00CD04DB /* Assets.xcassets in Resources */ = {isa = PBXBuildFile; fileRef = 46A7E9EF2C81FFAF00CD04DB /* Assets.xcassets */; };
		46A7E9F32C81FFAF00CD04DB /* Preview Assets.xcassets in Resources */ = {isa = PBXBuildFile; fileRef = 46A7E9F22C81FFAF00CD04DB /* Preview Assets.xcassets */; };
		46A7E9FD2C81FFAF00CD04DB /* JournalTests.swift in Sources */ = {isa = PBXBuildFile; fileRef = 46A7E9FC2C81FFAF00CD04DB /* JournalTests.swift */; };
		46A7EA072C81FFAF00CD04DB /* JournalUITests.swift in Sources */ = {isa = PBXBuildFile; fileRef = 46A7EA062C81FFAF00CD04DB /* JournalUITests.swift */; };
		46A7EA092C81FFAF00CD04DB /* JournalUITestsLaunchTests.swift in Sources */ = {isa = PBXBuildFile; fileRef = 46A7EA082C81FFAF00CD04DB /* JournalUITestsLaunchTests.swift */; };
		46A7EA1E2C8201D300CD04DB /* GoogleService-Info.plist in Resources */ = {isa = PBXBuildFile; fileRef = 46A7EA1D2C8201D300CD04DB /* GoogleService-Info.plist */; };
		46A7EA222C82026600CD04DB /* FirebaseAuth in Frameworks */ = {isa = PBXBuildFile; productRef = 46A7EA212C82026600CD04DB /* FirebaseAuth */; };
		46A7EA242C82026F00CD04DB /* FirebaseFirestore in Frameworks */ = {isa = PBXBuildFile; productRef = 46A7EA232C82026F00CD04DB /* FirebaseFirestore */; };
		46A7EA262C82028100CD04DB /* FirebaseStorage in Frameworks */ = {isa = PBXBuildFile; productRef = 46A7EA252C82028100CD04DB /* FirebaseStorage */; };
		46C643D72C8B8C94000A824E /* SettingsView.swift in Sources */ = {isa = PBXBuildFile; fileRef = 46C643D62C8B8C94000A824E /* SettingsView.swift */; };
		46C643D92C8B8D35000A824E /* SettingsSectionView.swift in Sources */ = {isa = PBXBuildFile; fileRef = 46C643D82C8B8D35000A824E /* SettingsSectionView.swift */; };
		46D2F5C32C8C89D400C7DAE8 /* MenuView.swift in Sources */ = {isa = PBXBuildFile; fileRef = 46D2F5C22C8C89D400C7DAE8 /* MenuView.swift */; };
		46D2F5C62C8C8A7A00C7DAE8 /* Page.swift in Sources */ = {isa = PBXBuildFile; fileRef = 46D2F5C52C8C8A7A00C7DAE8 /* Page.swift */; };
		46D2F5C82C8C8AF900C7DAE8 /* MenuCellView.swift in Sources */ = {isa = PBXBuildFile; fileRef = 46D2F5C72C8C8AF900C7DAE8 /* MenuCellView.swift */; };
		46D5FAA32C87850100C9B37C /* ApptCellView.swift in Sources */ = {isa = PBXBuildFile; fileRef = 46D5FAA22C87850100C9B37C /* ApptCellView.swift */; };
/* End PBXBuildFile section */

/* Begin PBXContainerItemProxy section */
		46A7E9F92C81FFAF00CD04DB /* PBXContainerItemProxy */ = {
			isa = PBXContainerItemProxy;
			containerPortal = 46A7E9E02C81FFAE00CD04DB /* Project object */;
			proxyType = 1;
			remoteGlobalIDString = 46A7E9E72C81FFAE00CD04DB;
			remoteInfo = Journal;
		};
		46A7EA032C81FFAF00CD04DB /* PBXContainerItemProxy */ = {
			isa = PBXContainerItemProxy;
			containerPortal = 46A7E9E02C81FFAE00CD04DB /* Project object */;
			proxyType = 1;
			remoteGlobalIDString = 46A7E9E72C81FFAE00CD04DB;
			remoteInfo = Journal;
		};
/* End PBXContainerItemProxy section */

/* Begin PBXFileReference section */
		46007CB32C8A57F000374869 /* SelectServiceView.swift */ = {isa = PBXFileReference; lastKnownFileType = sourcecode.swift; path = SelectServiceView.swift; sourceTree = "<group>"; };
		461B17DE2C866A4600DF490B /* ClientView.swift */ = {isa = PBXFileReference; lastKnownFileType = sourcecode.swift; path = ClientView.swift; sourceTree = "<group>"; };
		461B17E02C866A5500DF490B /* ClientViewModel.swift */ = {isa = PBXFileReference; lastKnownFileType = sourcecode.swift; path = ClientViewModel.swift; sourceTree = "<group>"; };
		461B17E32C866A9300DF490B /* Client.swift */ = {isa = PBXFileReference; lastKnownFileType = sourcecode.swift; path = Client.swift; sourceTree = "<group>"; };
		461B17E52C866B3C00DF490B /* ClientCellView.swift */ = {isa = PBXFileReference; lastKnownFileType = sourcecode.swift; path = ClientCellView.swift; sourceTree = "<group>"; };
		461B17E72C866C0700DF490B /* ClientDetailView.swift */ = {isa = PBXFileReference; lastKnownFileType = sourcecode.swift; path = ClientDetailView.swift; sourceTree = "<group>"; };
		461B17E92C866C2A00DF490B /* CreateClientView.swift */ = {isa = PBXFileReference; lastKnownFileType = sourcecode.swift; path = CreateClientView.swift; sourceTree = "<group>"; };
		461B17EB2C866FB600DF490B /* ReusableCapsule.swift */ = {isa = PBXFileReference; lastKnownFileType = sourcecode.swift; path = ReusableCapsule.swift; sourceTree = "<group>"; };
		4633C70A2C8AFBB1007F15A9 /* BookServiceCellView.swift */ = {isa = PBXFileReference; lastKnownFileType = sourcecode.swift; path = BookServiceCellView.swift; sourceTree = "<group>"; };
		4633C70F2C8B1324007F15A9 /* DayView.swift */ = {isa = PBXFileReference; lastKnownFileType = sourcecode.swift; path = DayView.swift; sourceTree = "<group>"; };
		4633C7112C8B3189007F15A9 /* ConfirmApptView.swift */ = {isa = PBXFileReference; lastKnownFileType = sourcecode.swift; path = ConfirmApptView.swift; sourceTree = "<group>"; };
		4633C7132C8B3543007F15A9 /* ConfirmApptHeaderView.swift */ = {isa = PBXFileReference; lastKnownFileType = sourcecode.swift; path = ConfirmApptHeaderView.swift; sourceTree = "<group>"; };
		4633C7162C8B635A007F15A9 /* ApptDetailView.swift */ = {isa = PBXFileReference; lastKnownFileType = sourcecode.swift; path = ApptDetailView.swift; sourceTree = "<group>"; };
		46414E422C8347430053B5D3 /* RootView.swift */ = {isa = PBXFileReference; lastKnownFileType = sourcecode.swift; path = RootView.swift; sourceTree = "<group>"; };
		46414E442C84F67C0053B5D3 /* HomeView.swift */ = {isa = PBXFileReference; lastKnownFileType = sourcecode.swift; path = HomeView.swift; sourceTree = "<group>"; };
		46414E462C84F68F0053B5D3 /* SignInView.swift */ = {isa = PBXFileReference; lastKnownFileType = sourcecode.swift; path = SignInView.swift; sourceTree = "<group>"; };
		46414E482C84F8E40053B5D3 /* RegistrationView.swift */ = {isa = PBXFileReference; lastKnownFileType = sourcecode.swift; path = RegistrationView.swift; sourceTree = "<group>"; };
		46414E4A2C84FD7D0053B5D3 /* InputView.swift */ = {isa = PBXFileReference; lastKnownFileType = sourcecode.swift; path = InputView.swift; sourceTree = "<group>"; };
		4643506E2C8737B3002C6406 /* ChartView.swift */ = {isa = PBXFileReference; lastKnownFileType = sourcecode.swift; path = ChartView.swift; sourceTree = "<group>"; };
		464350702C8737D7002C6406 /* ChartState.swift */ = {isa = PBXFileReference; lastKnownFileType = sourcecode.swift; path = ChartState.swift; sourceTree = "<group>"; };
		464350722C8738DA002C6406 /* Journal.swift */ = {isa = PBXFileReference; lastKnownFileType = sourcecode.swift; path = Journal.swift; sourceTree = "<group>"; };
		468DE5232C85F17700F72C62 /* FormIsValid.swift */ = {isa = PBXFileReference; lastKnownFileType = sourcecode.swift; path = FormIsValid.swift; sourceTree = "<group>"; };
		468DE52C2C8612FA00F72C62 /* Date+Est.swift */ = {isa = PBXFileReference; lastKnownFileType = sourcecode.swift; path = "Date+Est.swift"; sourceTree = "<group>"; };
		468DE5332C86190000F72C62 /* Appointment.swift */ = {isa = PBXFileReference; lastKnownFileType = sourcecode.swift; path = Appointment.swift; sourceTree = "<group>"; };
		468DE5362C86191F00F72C62 /* Calender.swift */ = {isa = PBXFileReference; lastKnownFileType = sourcecode.swift; path = Calender.swift; sourceTree = "<group>"; };
		468DE5382C86197100F72C62 /* Hours.swift */ = {isa = PBXFileReference; lastKnownFileType = sourcecode.swift; path = Hours.swift; sourceTree = "<group>"; };
		468DE53B2C8619B000F72C62 /* Service.swift */ = {isa = PBXFileReference; lastKnownFileType = sourcecode.swift; path = Service.swift; sourceTree = "<group>"; };
		468DE53F2C861B6A00F72C62 /* ServiceViewModel.swift */ = {isa = PBXFileReference; lastKnownFileType = sourcecode.swift; path = ServiceViewModel.swift; sourceTree = "<group>"; };
		468DE5412C861B8200F72C62 /* FirebaseService.swift */ = {isa = PBXFileReference; lastKnownFileType = sourcecode.swift; path = FirebaseService.swift; sourceTree = "<group>"; };
		468DE5442C861C2D00F72C62 /* PreviewProvider.swift */ = {isa = PBXFileReference; lastKnownFileType = sourcecode.swift; path = PreviewProvider.swift; sourceTree = "<group>"; };
		468DE5462C86269700F72C62 /* ServiceView.swift */ = {isa = PBXFileReference; lastKnownFileType = sourcecode.swift; path = ServiceView.swift; sourceTree = "<group>"; };
		468DE5482C8627D200F72C62 /* ServiceDetailView.swift */ = {isa = PBXFileReference; lastKnownFileType = sourcecode.swift; path = ServiceDetailView.swift; sourceTree = "<group>"; };
		468DE54A2C8627EA00F72C62 /* CreateServiceView.swift */ = {isa = PBXFileReference; lastKnownFileType = sourcecode.swift; path = CreateServiceView.swift; sourceTree = "<group>"; };
		468DE54D2C86283E00F72C62 /* ServiceCellView.swift */ = {isa = PBXFileReference; lastKnownFileType = sourcecode.swift; path = ServiceCellView.swift; sourceTree = "<group>"; };
		468DE54F2C8628F600F72C62 /* ReusableHeader.swift */ = {isa = PBXFileReference; lastKnownFileType = sourcecode.swift; path = ReusableHeader.swift; sourceTree = "<group>"; };
		468DE5512C86298400F72C62 /* SearchBarView.swift */ = {isa = PBXFileReference; lastKnownFileType = sourcecode.swift; path = SearchBarView.swift; sourceTree = "<group>"; };
		468DE5542C8629DD00F72C62 /* CreateButton.swift */ = {isa = PBXFileReference; lastKnownFileType = sourcecode.swift; path = CreateButton.swift; sourceTree = "<group>"; };
		468DE5562C862B0D00F72C62 /* SelectDetailView.swift */ = {isa = PBXFileReference; lastKnownFileType = sourcecode.swift; path = SelectDetailView.swift; sourceTree = "<group>"; };
		468DE5582C8632F700F72C62 /* CreateTextfield.swift */ = {isa = PBXFileReference; lastKnownFileType = sourcecode.swift; path = CreateTextfield.swift; sourceTree = "<group>"; };
		469A01962C8A08A60074B102 /* CalenderView.swift */ = {isa = PBXFileReference; lastKnownFileType = sourcecode.swift; path = CalenderView.swift; sourceTree = "<group>"; };
		469A01992C8A09940074B102 /* CalenderHeaderView.swift */ = {isa = PBXFileReference; lastKnownFileType = sourcecode.swift; path = CalenderHeaderView.swift; sourceTree = "<group>"; };
		469A01A12C8A16F10074B102 /* CalenderViewModel.swift */ = {isa = PBXFileReference; lastKnownFileType = sourcecode.swift; name = CalenderViewModel.swift; path = Core/Chart/CalenderViewModel.swift; sourceTree = SOURCE_ROOT; };
		469A01A32C8A17420074B102 /* ChartViewModel.swift */ = {isa = PBXFileReference; lastKnownFileType = sourcecode.swift; path = ChartViewModel.swift; sourceTree = "<group>"; };
		469A01A52C8A21510074B102 /* BookApptView.swift */ = {isa = PBXFileReference; lastKnownFileType = sourcecode.swift; path = BookApptView.swift; sourceTree = "<group>"; };
		469A01A82C8A21BE0074B102 /* ApptInputView.swift */ = {isa = PBXFileReference; lastKnownFileType = sourcecode.swift; path = ApptInputView.swift; sourceTree = "<group>"; };
		469A01AA2C8A3BCF0074B102 /* SelectTimeView.swift */ = {isa = PBXFileReference; lastKnownFileType = sourcecode.swift; path = SelectTimeView.swift; sourceTree = "<group>"; };
		469A01AC2C8A40390074B102 /* NextButton.swift */ = {isa = PBXFileReference; lastKnownFileType = sourcecode.swift; path = NextButton.swift; sourceTree = "<group>"; };
		469AF22D2C833DDB0069191E /* AuthService.swift */ = {isa = PBXFileReference; lastKnownFileType = sourcecode.swift; path = AuthService.swift; sourceTree = "<group>"; };
		469AF2302C83450F0069191E /* AuthUser.swift */ = {isa = PBXFileReference; lastKnownFileType = sourcecode.swift; path = AuthUser.swift; sourceTree = "<group>"; };
		469AF2342C8346A30069191E /* AuthenticationViewModel.swift */ = {isa = PBXFileReference; lastKnownFileType = sourcecode.swift; path = AuthenticationViewModel.swift; sourceTree = "<group>"; };
		46A0CA272C8783A100ECFF89 /* HomeChartView.swift */ = {isa = PBXFileReference; lastKnownFileType = sourcecode.swift; path = HomeChartView.swift; sourceTree = "<group>"; };
		46A7E9E82C81FFAE00CD04DB /* Journal.app */ = {isa = PBXFileReference; explicitFileType = wrapper.application; includeInIndex = 0; path = Journal.app; sourceTree = BUILT_PRODUCTS_DIR; };
		46A7E9EB2C81FFAE00CD04DB /* JournalApp.swift */ = {isa = PBXFileReference; lastKnownFileType = sourcecode.swift; path = JournalApp.swift; sourceTree = "<group>"; };
		46A7E9EF2C81FFAF00CD04DB /* Assets.xcassets */ = {isa = PBXFileReference; lastKnownFileType = folder.assetcatalog; path = Assets.xcassets; sourceTree = "<group>"; };
		46A7E9F22C81FFAF00CD04DB /* Preview Assets.xcassets */ = {isa = PBXFileReference; lastKnownFileType = folder.assetcatalog; path = "Preview Assets.xcassets"; sourceTree = "<group>"; };
		46A7E9F82C81FFAF00CD04DB /* JournalTests.xctest */ = {isa = PBXFileReference; explicitFileType = wrapper.cfbundle; includeInIndex = 0; path = JournalTests.xctest; sourceTree = BUILT_PRODUCTS_DIR; };
		46A7E9FC2C81FFAF00CD04DB /* JournalTests.swift */ = {isa = PBXFileReference; lastKnownFileType = sourcecode.swift; path = JournalTests.swift; sourceTree = "<group>"; };
		46A7EA022C81FFAF00CD04DB /* JournalUITests.xctest */ = {isa = PBXFileReference; explicitFileType = wrapper.cfbundle; includeInIndex = 0; path = JournalUITests.xctest; sourceTree = BUILT_PRODUCTS_DIR; };
		46A7EA062C81FFAF00CD04DB /* JournalUITests.swift */ = {isa = PBXFileReference; lastKnownFileType = sourcecode.swift; path = JournalUITests.swift; sourceTree = "<group>"; };
		46A7EA082C81FFAF00CD04DB /* JournalUITestsLaunchTests.swift */ = {isa = PBXFileReference; lastKnownFileType = sourcecode.swift; path = JournalUITestsLaunchTests.swift; sourceTree = "<group>"; };
		46A7EA1D2C8201D300CD04DB /* GoogleService-Info.plist */ = {isa = PBXFileReference; fileEncoding = 4; lastKnownFileType = text.plist.xml; path = "GoogleService-Info.plist"; sourceTree = "<group>"; };
		46C643D62C8B8C94000A824E /* SettingsView.swift */ = {isa = PBXFileReference; lastKnownFileType = sourcecode.swift; path = SettingsView.swift; sourceTree = "<group>"; };
		46C643D82C8B8D35000A824E /* SettingsSectionView.swift */ = {isa = PBXFileReference; lastKnownFileType = sourcecode.swift; path = SettingsSectionView.swift; sourceTree = "<group>"; };
		46D2F5C22C8C89D400C7DAE8 /* MenuView.swift */ = {isa = PBXFileReference; lastKnownFileType = sourcecode.swift; path = MenuView.swift; sourceTree = "<group>"; };
		46D2F5C52C8C8A7A00C7DAE8 /* Page.swift */ = {isa = PBXFileReference; lastKnownFileType = sourcecode.swift; path = Page.swift; sourceTree = "<group>"; };
		46D2F5C72C8C8AF900C7DAE8 /* MenuCellView.swift */ = {isa = PBXFileReference; lastKnownFileType = sourcecode.swift; path = MenuCellView.swift; sourceTree = "<group>"; };
		46D5FAA22C87850100C9B37C /* ApptCellView.swift */ = {isa = PBXFileReference; lastKnownFileType = sourcecode.swift; path = ApptCellView.swift; sourceTree = "<group>"; };
/* End PBXFileReference section */

/* Begin PBXFrameworksBuildPhase section */
		46A7E9E52C81FFAE00CD04DB /* Frameworks */ = {
			isa = PBXFrameworksBuildPhase;
			buildActionMask = 2147483647;
			files = (
				46A7EA222C82026600CD04DB /* FirebaseAuth in Frameworks */,
				46A7EA242C82026F00CD04DB /* FirebaseFirestore in Frameworks */,
				46A7EA262C82028100CD04DB /* FirebaseStorage in Frameworks */,
			);
			runOnlyForDeploymentPostprocessing = 0;
		};
		46A7E9F52C81FFAF00CD04DB /* Frameworks */ = {
			isa = PBXFrameworksBuildPhase;
			buildActionMask = 2147483647;
			files = (
			);
			runOnlyForDeploymentPostprocessing = 0;
		};
		46A7E9FF2C81FFAF00CD04DB /* Frameworks */ = {
			isa = PBXFrameworksBuildPhase;
			buildActionMask = 2147483647;
			files = (
			);
			runOnlyForDeploymentPostprocessing = 0;
		};
/* End PBXFrameworksBuildPhase section */

/* Begin PBXGroup section */
		461B17DC2C866A2100DF490B /* Client */ = {
			isa = PBXGroup;
			children = (
				461B17E72C866C0700DF490B /* ClientDetailView.swift */,
				461B17DE2C866A4600DF490B /* ClientView.swift */,
				461B17E92C866C2A00DF490B /* CreateClientView.swift */,
				461B17DD2C866A2C00DF490B /* ViewModel */,
			);
			path = Client;
			sourceTree = "<group>";
		};
		461B17DD2C866A2C00DF490B /* ViewModel */ = {
			isa = PBXGroup;
			children = (
				461B17E02C866A5500DF490B /* ClientViewModel.swift */,
			);
			path = ViewModel;
			sourceTree = "<group>";
		};
		461B17E22C866A8000DF490B /* Client */ = {
			isa = PBXGroup;
			children = (
				461B17E32C866A9300DF490B /* Client.swift */,
			);
			path = Client;
			sourceTree = "<group>";
		};
		4633C70C2C8B1104007F15A9 /* Navigation */ = {
			isa = PBXGroup;
			children = (
			);
			path = Navigation;
			sourceTree = "<group>";
		};
		468DE5252C86109300F72C62 /* Chart */ = {
			isa = PBXGroup;
			children = (
				464350702C8737D7002C6406 /* ChartState.swift */,
				464350722C8738DA002C6406 /* Journal.swift */,
			);
			path = Chart;
			sourceTree = "<group>";
		};
		468DE52E2C86182B00F72C62 /* Calender */ = {
			isa = PBXGroup;
			children = (
				4633C7162C8B635A007F15A9 /* ApptDetailView.swift */,
				469A01A52C8A21510074B102 /* BookApptView.swift */,
				469A01962C8A08A60074B102 /* CalenderView.swift */,
				4633C7112C8B3189007F15A9 /* ConfirmApptView.swift */,
				4633C70F2C8B1324007F15A9 /* DayView.swift */,
				46007CB32C8A57F000374869 /* SelectServiceView.swift */,
				46D5FAA62C87869B00C9B37C /* ViewModel */,
			);
			path = Calender;
			sourceTree = "<group>";
		};
		468DE5322C8618DC00F72C62 /* Appointment */ = {
			isa = PBXGroup;
			children = (
				468DE5332C86190000F72C62 /* Appointment.swift */,
			);
			path = Appointment;
			sourceTree = "<group>";
		};
		468DE5352C86190900F72C62 /* Calender */ = {
			isa = PBXGroup;
			children = (
				468DE5362C86191F00F72C62 /* Calender.swift */,
				468DE5382C86197100F72C62 /* Hours.swift */,
				4633C70C2C8B1104007F15A9 /* Navigation */,
			);
			path = Calender;
			sourceTree = "<group>";
		};
		468DE53A2C8619A500F72C62 /* Service */ = {
			isa = PBXGroup;
			children = (
				468DE53B2C8619B000F72C62 /* Service.swift */,
			);
			path = Service;
			sourceTree = "<group>";
		};
		468DE53D2C861A6C00F72C62 /* Service */ = {
			isa = PBXGroup;
			children = (
				468DE54A2C8627EA00F72C62 /* CreateServiceView.swift */,
				468DE5482C8627D200F72C62 /* ServiceDetailView.swift */,
				468DE5462C86269700F72C62 /* ServiceView.swift */,
				468DE53E2C861A7200F72C62 /* ViewModel */,
			);
			path = Service;
			sourceTree = "<group>";
		};
		468DE53E2C861A7200F72C62 /* ViewModel */ = {
			isa = PBXGroup;
			children = (
				468DE53F2C861B6A00F72C62 /* ServiceViewModel.swift */,
			);
			path = ViewModel;
			sourceTree = "<group>";
		};
		468DE5432C861BFA00F72C62 /* Providers */ = {
			isa = PBXGroup;
			children = (
				468DE5442C861C2D00F72C62 /* PreviewProvider.swift */,
			);
			path = Providers;
			sourceTree = "<group>";
		};
		468DE54C2C86282900F72C62 /* Cells */ = {
			isa = PBXGroup;
			children = (
				46D5FAA22C87850100C9B37C /* ApptCellView.swift */,
				4633C70A2C8AFBB1007F15A9 /* BookServiceCellView.swift */,
				461B17E52C866B3C00DF490B /* ClientCellView.swift */,
				468DE54D2C86283E00F72C62 /* ServiceCellView.swift */,
			);
			path = Cells;
			sourceTree = "<group>";
		};
		468DE5532C8629C700F72C62 /* Buttons */ = {
			isa = PBXGroup;
			children = (
				468DE5542C8629DD00F72C62 /* CreateButton.swift */,
				469A01AC2C8A40390074B102 /* NextButton.swift */,
			);
			path = Buttons;
			sourceTree = "<group>";
		};
		469A01982C8A09780074B102 /* Headers */ = {
			isa = PBXGroup;
			children = (
				469A01992C8A09940074B102 /* CalenderHeaderView.swift */,
				468DE54F2C8628F600F72C62 /* ReusableHeader.swift */,
				4633C7132C8B3543007F15A9 /* ConfirmApptHeaderView.swift */,
			);
			path = Headers;
			sourceTree = "<group>";
		};
		469A019F2C8A16A10074B102 /* Chart */ = {
			isa = PBXGroup;
			children = (
				4643506E2C8737B3002C6406 /* ChartView.swift */,
				46A0CA272C8783A100ECFF89 /* HomeChartView.swift */,
				469A01A02C8A16A70074B102 /* ViewModel */,
			);
			name = Chart;
			path = ../App/Chart;
			sourceTree = "<group>";
		};
		469A01A02C8A16A70074B102 /* ViewModel */ = {
			isa = PBXGroup;
			children = (
				469A01A32C8A17420074B102 /* ChartViewModel.swift */,
			);
			path = ViewModel;
			sourceTree = "<group>";
		};
		469A01A72C8A21A50074B102 /* Inputs */ = {
			isa = PBXGroup;
			children = (
				469A01A82C8A21BE0074B102 /* ApptInputView.swift */,
				46414E4A2C84FD7D0053B5D3 /* InputView.swift */,
			);
			path = Inputs;
			sourceTree = "<group>";
		};
		469AF22F2C8345060069191E /* Auth */ = {
			isa = PBXGroup;
			children = (
				469AF2302C83450F0069191E /* AuthUser.swift */,
			);
			path = Auth;
			sourceTree = "<group>";
		};
		469AF2322C83465F0069191E /* Authentication */ = {
			isa = PBXGroup;
			children = (
				46414E482C84F8E40053B5D3 /* RegistrationView.swift */,
				46414E422C8347430053B5D3 /* RootView.swift */,
				46414E462C84F68F0053B5D3 /* SignInView.swift */,
				469AF2332C8346880069191E /* ViewModel */,
			);
			path = Authentication;
			sourceTree = "<group>";
		};
		469AF2332C8346880069191E /* ViewModel */ = {
			isa = PBXGroup;
			children = (
				469AF2342C8346A30069191E /* AuthenticationViewModel.swift */,
			);
			path = ViewModel;
			sourceTree = "<group>";
		};
		46A7E9DF2C81FFAE00CD04DB = {
			isa = PBXGroup;
			children = (
				46A7EA1B2C82018A00CD04DB /* App */,
				46A7EA1A2C82018200CD04DB /* Extensions */,
				46A7EA192C82017300CD04DB /* Models */,
				46A7EA182C82016500CD04DB /* Utilities */,
				46A7EA1C2C82019400CD04DB /* Components */,
				46A7EA172C82015F00CD04DB /* Subviews */,
				46A7EA152C82014A00CD04DB /* Core */,
				46A7E9EA2C81FFAE00CD04DB /* Journal */,
				46A7E9FB2C81FFAF00CD04DB /* JournalTests */,
				46A7EA052C81FFAF00CD04DB /* JournalUITests */,
				46A7E9E92C81FFAE00CD04DB /* Products */,
				46A7EA202C82026600CD04DB /* Frameworks */,
			);
			sourceTree = "<group>";
		};
		46A7E9E92C81FFAE00CD04DB /* Products */ = {
			isa = PBXGroup;
			children = (
				46A7E9E82C81FFAE00CD04DB /* Journal.app */,
				46A7E9F82C81FFAF00CD04DB /* JournalTests.xctest */,
				46A7EA022C81FFAF00CD04DB /* JournalUITests.xctest */,
			);
			name = Products;
			sourceTree = "<group>";
		};
		46A7E9EA2C81FFAE00CD04DB /* Journal */ = {
			isa = PBXGroup;
			children = (
				46A7E9EF2C81FFAF00CD04DB /* Assets.xcassets */,
				46A7E9F12C81FFAF00CD04DB /* Preview Content */,
			);
			path = Journal;
			sourceTree = "<group>";
		};
		46A7E9F12C81FFAF00CD04DB /* Preview Content */ = {
			isa = PBXGroup;
			children = (
				46A7E9F22C81FFAF00CD04DB /* Preview Assets.xcassets */,
			);
			path = "Preview Content";
			sourceTree = "<group>";
		};
		46A7E9FB2C81FFAF00CD04DB /* JournalTests */ = {
			isa = PBXGroup;
			children = (
				46A7E9FC2C81FFAF00CD04DB /* JournalTests.swift */,
			);
			path = JournalTests;
			sourceTree = "<group>";
		};
		46A7EA052C81FFAF00CD04DB /* JournalUITests */ = {
			isa = PBXGroup;
			children = (
				46A7EA062C81FFAF00CD04DB /* JournalUITests.swift */,
				46A7EA082C81FFAF00CD04DB /* JournalUITestsLaunchTests.swift */,
			);
			path = JournalUITests;
			sourceTree = "<group>";
		};
		46A7EA152C82014A00CD04DB /* Core */ = {
			isa = PBXGroup;
			children = (
				46414E442C84F67C0053B5D3 /* HomeView.swift */,
				469AF2322C83465F0069191E /* Authentication */,
				468DE52E2C86182B00F72C62 /* Calender */,
				469A019F2C8A16A10074B102 /* Chart */,
				461B17DC2C866A2100DF490B /* Client */,
				46C643D52C8B8C7D000A824E /* Settings */,
				468DE53D2C861A6C00F72C62 /* Service */,
			);
			path = Core;
			sourceTree = "<group>";
		};
		46A7EA172C82015F00CD04DB /* Subviews */ = {
			isa = PBXGroup;
			children = (
				46D2F5C92C8C8B5200C7DAE8 /* Menu */,
				468DE5532C8629C700F72C62 /* Buttons */,
				468DE54C2C86282900F72C62 /* Cells */,
			);
			path = Subviews;
			sourceTree = "<group>";
		};
		46A7EA182C82016500CD04DB /* Utilities */ = {
			isa = PBXGroup;
			children = (
				469AF22D2C833DDB0069191E /* AuthService.swift */,
				468DE5412C861B8200F72C62 /* FirebaseService.swift */,
			);
			path = Utilities;
			sourceTree = "<group>";
		};
		46A7EA192C82017300CD04DB /* Models */ = {
			isa = PBXGroup;
			children = (
				468DE5322C8618DC00F72C62 /* Appointment */,
				469AF22F2C8345060069191E /* Auth */,
				468DE5352C86190900F72C62 /* Calender */,
				468DE5252C86109300F72C62 /* Chart */,
				461B17E22C866A8000DF490B /* Client */,
				46D2F5C42C8C8A6100C7DAE8 /* Menu */,
				468DE53A2C8619A500F72C62 /* Service */,
			);
			path = Models;
			sourceTree = "<group>";
		};
		46A7EA1A2C82018200CD04DB /* Extensions */ = {
			isa = PBXGroup;
			children = (
				468DE52C2C8612FA00F72C62 /* Date+Est.swift */,
				468DE5232C85F17700F72C62 /* FormIsValid.swift */,
				468DE5432C861BFA00F72C62 /* Providers */,
			);
			path = Extensions;
			sourceTree = "<group>";
		};
		46A7EA1B2C82018A00CD04DB /* App */ = {
			isa = PBXGroup;
			children = (
				46A7E9EB2C81FFAE00CD04DB /* JournalApp.swift */,
				46A7EA1D2C8201D300CD04DB /* GoogleService-Info.plist */,
			);
			path = App;
			sourceTree = "<group>";
		};
		46A7EA1C2C82019400CD04DB /* Components */ = {
			isa = PBXGroup;
			children = (
				468DE5582C8632F700F72C62 /* CreateTextfield.swift */,
				468DE5512C86298400F72C62 /* SearchBarView.swift */,
				469A01AA2C8A3BCF0074B102 /* SelectTimeView.swift */,
				46C643D82C8B8D35000A824E /* SettingsSectionView.swift */,
				46D2F5CA2C8C8B8D00C7DAE8 /* Reusables */,
				469A01A72C8A21A50074B102 /* Inputs */,
				469A01982C8A09780074B102 /* Headers */,
			);
			path = Components;
			sourceTree = "<group>";
		};
		46A7EA202C82026600CD04DB /* Frameworks */ = {
			isa = PBXGroup;
			children = (
			);
			name = Frameworks;
			sourceTree = "<group>";
		};
		46C643D52C8B8C7D000A824E /* Settings */ = {
			isa = PBXGroup;
			children = (
				46C643D62C8B8C94000A824E /* SettingsView.swift */,
			);
			path = Settings;
			sourceTree = "<group>";
		};
		46D2F5C42C8C8A6100C7DAE8 /* Menu */ = {
			isa = PBXGroup;
			children = (
				46D2F5C52C8C8A7A00C7DAE8 /* Page.swift */,
			);
			path = Menu;
			sourceTree = "<group>";
		};
		46D2F5C92C8C8B5200C7DAE8 /* Menu */ = {
			isa = PBXGroup;
			children = (
				46D2F5C22C8C89D400C7DAE8 /* MenuView.swift */,
				46D2F5C72C8C8AF900C7DAE8 /* MenuCellView.swift */,
			);
			path = Menu;
			sourceTree = "<group>";
		};
		46D2F5CA2C8C8B8D00C7DAE8 /* Reusables */ = {
			isa = PBXGroup;
			children = (
				468DE5562C862B0D00F72C62 /* SelectDetailView.swift */,
				461B17EB2C866FB600DF490B /* ReusableCapsule.swift */,
			);
			path = Reusables;
			sourceTree = "<group>";
		};
		46D5FAA62C87869B00C9B37C /* ViewModel */ = {
			isa = PBXGroup;
			children = (
				469A01A12C8A16F10074B102 /* CalenderViewModel.swift */,
			);
			name = ViewModel;
			path = Chart/ViewModel;
			sourceTree = "<group>";
		};
/* End PBXGroup section */

/* Begin PBXNativeTarget section */
		46A7E9E72C81FFAE00CD04DB /* Journal */ = {
			isa = PBXNativeTarget;
			buildConfigurationList = 46A7EA0C2C81FFAF00CD04DB /* Build configuration list for PBXNativeTarget "Journal" */;
			buildPhases = (
				46A7E9E42C81FFAE00CD04DB /* Sources */,
				46A7E9E52C81FFAE00CD04DB /* Frameworks */,
				46A7E9E62C81FFAE00CD04DB /* Resources */,
			);
			buildRules = (
			);
			dependencies = (
			);
			name = Journal;
			packageProductDependencies = (
				46A7EA212C82026600CD04DB /* FirebaseAuth */,
				46A7EA232C82026F00CD04DB /* FirebaseFirestore */,
				46A7EA252C82028100CD04DB /* FirebaseStorage */,
			);
			productName = Journal;
			productReference = 46A7E9E82C81FFAE00CD04DB /* Journal.app */;
			productType = "com.apple.product-type.application";
		};
		46A7E9F72C81FFAF00CD04DB /* JournalTests */ = {
			isa = PBXNativeTarget;
			buildConfigurationList = 46A7EA0F2C81FFAF00CD04DB /* Build configuration list for PBXNativeTarget "JournalTests" */;
			buildPhases = (
				46A7E9F42C81FFAF00CD04DB /* Sources */,
				46A7E9F52C81FFAF00CD04DB /* Frameworks */,
				46A7E9F62C81FFAF00CD04DB /* Resources */,
			);
			buildRules = (
			);
			dependencies = (
				46A7E9FA2C81FFAF00CD04DB /* PBXTargetDependency */,
			);
			name = JournalTests;
			productName = JournalTests;
			productReference = 46A7E9F82C81FFAF00CD04DB /* JournalTests.xctest */;
			productType = "com.apple.product-type.bundle.unit-test";
		};
		46A7EA012C81FFAF00CD04DB /* JournalUITests */ = {
			isa = PBXNativeTarget;
			buildConfigurationList = 46A7EA122C81FFAF00CD04DB /* Build configuration list for PBXNativeTarget "JournalUITests" */;
			buildPhases = (
				46A7E9FE2C81FFAF00CD04DB /* Sources */,
				46A7E9FF2C81FFAF00CD04DB /* Frameworks */,
				46A7EA002C81FFAF00CD04DB /* Resources */,
			);
			buildRules = (
			);
			dependencies = (
				46A7EA042C81FFAF00CD04DB /* PBXTargetDependency */,
			);
			name = JournalUITests;
			productName = JournalUITests;
			productReference = 46A7EA022C81FFAF00CD04DB /* JournalUITests.xctest */;
			productType = "com.apple.product-type.bundle.ui-testing";
		};
/* End PBXNativeTarget section */

/* Begin PBXProject section */
		46A7E9E02C81FFAE00CD04DB /* Project object */ = {
			isa = PBXProject;
			attributes = {
				BuildIndependentTargetsInParallel = 1;
				LastSwiftUpdateCheck = 1540;
				LastUpgradeCheck = 1540;
				TargetAttributes = {
					46A7E9E72C81FFAE00CD04DB = {
						CreatedOnToolsVersion = 15.4;
					};
					46A7E9F72C81FFAF00CD04DB = {
						CreatedOnToolsVersion = 15.4;
						TestTargetID = 46A7E9E72C81FFAE00CD04DB;
					};
					46A7EA012C81FFAF00CD04DB = {
						CreatedOnToolsVersion = 15.4;
						TestTargetID = 46A7E9E72C81FFAE00CD04DB;
					};
				};
			};
			buildConfigurationList = 46A7E9E32C81FFAE00CD04DB /* Build configuration list for PBXProject "Journal" */;
			compatibilityVersion = "Xcode 14.0";
			developmentRegion = en;
			hasScannedForEncodings = 0;
			knownRegions = (
				en,
				Base,
			);
			mainGroup = 46A7E9DF2C81FFAE00CD04DB;
			packageReferences = (
				46A7EA1F2C82024900CD04DB /* XCRemoteSwiftPackageReference "firebase-ios-sdk" */,
			);
			productRefGroup = 46A7E9E92C81FFAE00CD04DB /* Products */;
			projectDirPath = "";
			projectRoot = "";
			targets = (
				46A7E9E72C81FFAE00CD04DB /* Journal */,
				46A7E9F72C81FFAF00CD04DB /* JournalTests */,
				46A7EA012C81FFAF00CD04DB /* JournalUITests */,
			);
		};
/* End PBXProject section */

/* Begin PBXResourcesBuildPhase section */
		46A7E9E62C81FFAE00CD04DB /* Resources */ = {
			isa = PBXResourcesBuildPhase;
			buildActionMask = 2147483647;
			files = (
				46A7E9F32C81FFAF00CD04DB /* Preview Assets.xcassets in Resources */,
				46A7E9F02C81FFAF00CD04DB /* Assets.xcassets in Resources */,
				46A7EA1E2C8201D300CD04DB /* GoogleService-Info.plist in Resources */,
			);
			runOnlyForDeploymentPostprocessing = 0;
		};
		46A7E9F62C81FFAF00CD04DB /* Resources */ = {
			isa = PBXResourcesBuildPhase;
			buildActionMask = 2147483647;
			files = (
			);
			runOnlyForDeploymentPostprocessing = 0;
		};
		46A7EA002C81FFAF00CD04DB /* Resources */ = {
			isa = PBXResourcesBuildPhase;
			buildActionMask = 2147483647;
			files = (
			);
			runOnlyForDeploymentPostprocessing = 0;
		};
/* End PBXResourcesBuildPhase section */

/* Begin PBXSourcesBuildPhase section */
		46A7E9E42C81FFAE00CD04DB /* Sources */ = {
			isa = PBXSourcesBuildPhase;
			buildActionMask = 2147483647;
			files = (
				468DE52D2C8612FA00F72C62 /* Date+Est.swift in Sources */,
				4633C7172C8B635A007F15A9 /* ApptDetailView.swift in Sources */,
				469AF2312C83450F0069191E /* AuthUser.swift in Sources */,
				468DE54E2C86283E00F72C62 /* ServiceCellView.swift in Sources */,
				46C643D92C8B8D35000A824E /* SettingsSectionView.swift in Sources */,
				4643506F2C8737B3002C6406 /* ChartView.swift in Sources */,
				468DE5572C862B0D00F72C62 /* SelectDetailView.swift in Sources */,
				46D5FAA32C87850100C9B37C /* ApptCellView.swift in Sources */,
				46414E472C84F68F0053B5D3 /* SignInView.swift in Sources */,
				464350732C8738DA002C6406 /* Journal.swift in Sources */,
				461B17E62C866B3C00DF490B /* ClientCellView.swift in Sources */,
				468DE5522C86298400F72C62 /* SearchBarView.swift in Sources */,
				4633C7122C8B3189007F15A9 /* ConfirmApptView.swift in Sources */,
				4633C7142C8B3543007F15A9 /* ConfirmApptHeaderView.swift in Sources */,
				461B17EA2C866C2A00DF490B /* CreateClientView.swift in Sources */,
				469AF2352C8346A30069191E /* AuthenticationViewModel.swift in Sources */,
				4633C70B2C8AFBB1007F15A9 /* BookServiceCellView.swift in Sources */,
				464350712C8737D7002C6406 /* ChartState.swift in Sources */,
				469A01AD2C8A40390074B102 /* NextButton.swift in Sources */,
				46414E432C8347430053B5D3 /* RootView.swift in Sources */,
				461B17E42C866A9300DF490B /* Client.swift in Sources */,
				468DE5242C85F17700F72C62 /* FormIsValid.swift in Sources */,
				46C643D72C8B8C94000A824E /* SettingsView.swift in Sources */,
				468DE54B2C8627EA00F72C62 /* CreateServiceView.swift in Sources */,
				468DE5472C86269700F72C62 /* ServiceView.swift in Sources */,
				468DE5392C86197100F72C62 /* Hours.swift in Sources */,
				468DE5452C861C2D00F72C62 /* PreviewProvider.swift in Sources */,
				46414E452C84F67C0053B5D3 /* HomeView.swift in Sources */,
				468DE5502C8628F600F72C62 /* ReusableHeader.swift in Sources */,
				468DE53C2C8619B000F72C62 /* Service.swift in Sources */,
				461B17E12C866A5500DF490B /* ClientViewModel.swift in Sources */,
				469A01A62C8A21510074B102 /* BookApptView.swift in Sources */,
				469AF22E2C833DDB0069191E /* AuthService.swift in Sources */,
				468DE5552C8629DD00F72C62 /* CreateButton.swift in Sources */,
				46414E4B2C84FD7D0053B5D3 /* InputView.swift in Sources */,
				469A01A42C8A17420074B102 /* ChartViewModel.swift in Sources */,
				4633C7102C8B1324007F15A9 /* DayView.swift in Sources */,
				468DE5342C86190000F72C62 /* Appointment.swift in Sources */,
				468DE5422C861B8200F72C62 /* FirebaseService.swift in Sources */,
				46D2F5C82C8C8AF900C7DAE8 /* MenuCellView.swift in Sources */,
				46A0CA282C8783A100ECFF89 /* HomeChartView.swift in Sources */,
				461B17DF2C866A4600DF490B /* ClientView.swift in Sources */,
				469A01A92C8A21BE0074B102 /* ApptInputView.swift in Sources */,
				46A7E9EC2C81FFAE00CD04DB /* JournalApp.swift in Sources */,
				468DE5372C86191F00F72C62 /* Calender.swift in Sources */,
				468DE5492C8627D200F72C62 /* ServiceDetailView.swift in Sources */,
				468DE5402C861B6A00F72C62 /* ServiceViewModel.swift in Sources */,
				46414E492C84F8E40053B5D3 /* RegistrationView.swift in Sources */,
				469A019A2C8A09940074B102 /* CalenderHeaderView.swift in Sources */,
				461B17E82C866C0700DF490B /* ClientDetailView.swift in Sources */,
				46D2F5C32C8C89D400C7DAE8 /* MenuView.swift in Sources */,
				46D2F5C62C8C8A7A00C7DAE8 /* Page.swift in Sources */,
				469A01A22C8A16F10074B102 /* CalenderViewModel.swift in Sources */,
				461B17EC2C866FB600DF490B /* ReusableCapsule.swift in Sources */,
				468DE5592C8632F700F72C62 /* CreateTextfield.swift in Sources */,
				469A01972C8A08A60074B102 /* CalenderView.swift in Sources */,
				46007CB42C8A57F000374869 /* SelectServiceView.swift in Sources */,
				469A01AB2C8A3BCF0074B102 /* SelectTimeView.swift in Sources */,
			);
			runOnlyForDeploymentPostprocessing = 0;
		};
		46A7E9F42C81FFAF00CD04DB /* Sources */ = {
			isa = PBXSourcesBuildPhase;
			buildActionMask = 2147483647;
			files = (
				46A7E9FD2C81FFAF00CD04DB /* JournalTests.swift in Sources */,
			);
			runOnlyForDeploymentPostprocessing = 0;
		};
		46A7E9FE2C81FFAF00CD04DB /* Sources */ = {
			isa = PBXSourcesBuildPhase;
			buildActionMask = 2147483647;
			files = (
				46A7EA092C81FFAF00CD04DB /* JournalUITestsLaunchTests.swift in Sources */,
				46A7EA072C81FFAF00CD04DB /* JournalUITests.swift in Sources */,
			);
			runOnlyForDeploymentPostprocessing = 0;
		};
/* End PBXSourcesBuildPhase section */

/* Begin PBXTargetDependency section */
		46A7E9FA2C81FFAF00CD04DB /* PBXTargetDependency */ = {
			isa = PBXTargetDependency;
			target = 46A7E9E72C81FFAE00CD04DB /* Journal */;
			targetProxy = 46A7E9F92C81FFAF00CD04DB /* PBXContainerItemProxy */;
		};
		46A7EA042C81FFAF00CD04DB /* PBXTargetDependency */ = {
			isa = PBXTargetDependency;
			target = 46A7E9E72C81FFAE00CD04DB /* Journal */;
			targetProxy = 46A7EA032C81FFAF00CD04DB /* PBXContainerItemProxy */;
		};
/* End PBXTargetDependency section */

/* Begin XCBuildConfiguration section */
		46A7EA0A2C81FFAF00CD04DB /* Debug */ = {
			isa = XCBuildConfiguration;
			buildSettings = {
				ALWAYS_SEARCH_USER_PATHS = NO;
				ASSETCATALOG_COMPILER_GENERATE_SWIFT_ASSET_SYMBOL_EXTENSIONS = YES;
				CLANG_ANALYZER_NONNULL = YES;
				CLANG_ANALYZER_NUMBER_OBJECT_CONVERSION = YES_AGGRESSIVE;
				CLANG_CXX_LANGUAGE_STANDARD = "gnu++20";
				CLANG_ENABLE_MODULES = YES;
				CLANG_ENABLE_OBJC_ARC = YES;
				CLANG_ENABLE_OBJC_WEAK = YES;
				CLANG_WARN_BLOCK_CAPTURE_AUTORELEASING = YES;
				CLANG_WARN_BOOL_CONVERSION = YES;
				CLANG_WARN_COMMA = YES;
				CLANG_WARN_CONSTANT_CONVERSION = YES;
				CLANG_WARN_DEPRECATED_OBJC_IMPLEMENTATIONS = YES;
				CLANG_WARN_DIRECT_OBJC_ISA_USAGE = YES_ERROR;
				CLANG_WARN_DOCUMENTATION_COMMENTS = YES;
				CLANG_WARN_EMPTY_BODY = YES;
				CLANG_WARN_ENUM_CONVERSION = YES;
				CLANG_WARN_INFINITE_RECURSION = YES;
				CLANG_WARN_INT_CONVERSION = YES;
				CLANG_WARN_NON_LITERAL_NULL_CONVERSION = YES;
				CLANG_WARN_OBJC_IMPLICIT_RETAIN_SELF = YES;
				CLANG_WARN_OBJC_LITERAL_CONVERSION = YES;
				CLANG_WARN_OBJC_ROOT_CLASS = YES_ERROR;
				CLANG_WARN_QUOTED_INCLUDE_IN_FRAMEWORK_HEADER = YES;
				CLANG_WARN_RANGE_LOOP_ANALYSIS = YES;
				CLANG_WARN_STRICT_PROTOTYPES = YES;
				CLANG_WARN_SUSPICIOUS_MOVE = YES;
				CLANG_WARN_UNGUARDED_AVAILABILITY = YES_AGGRESSIVE;
				CLANG_WARN_UNREACHABLE_CODE = YES;
				CLANG_WARN__DUPLICATE_METHOD_MATCH = YES;
				COPY_PHASE_STRIP = NO;
				DEBUG_INFORMATION_FORMAT = dwarf;
				ENABLE_STRICT_OBJC_MSGSEND = YES;
				ENABLE_TESTABILITY = YES;
				ENABLE_USER_SCRIPT_SANDBOXING = YES;
				GCC_C_LANGUAGE_STANDARD = gnu17;
				GCC_DYNAMIC_NO_PIC = NO;
				GCC_NO_COMMON_BLOCKS = YES;
				GCC_OPTIMIZATION_LEVEL = 0;
				GCC_PREPROCESSOR_DEFINITIONS = (
					"DEBUG=1",
					"$(inherited)",
				);
				GCC_WARN_64_TO_32_BIT_CONVERSION = YES;
				GCC_WARN_ABOUT_RETURN_TYPE = YES_ERROR;
				GCC_WARN_UNDECLARED_SELECTOR = YES;
				GCC_WARN_UNINITIALIZED_AUTOS = YES_AGGRESSIVE;
				GCC_WARN_UNUSED_FUNCTION = YES;
				GCC_WARN_UNUSED_VARIABLE = YES;
				IPHONEOS_DEPLOYMENT_TARGET = 17.5;
				LOCALIZATION_PREFERS_STRING_CATALOGS = YES;
				MTL_ENABLE_DEBUG_INFO = INCLUDE_SOURCE;
				MTL_FAST_MATH = YES;
				ONLY_ACTIVE_ARCH = YES;
				SDKROOT = iphoneos;
				SWIFT_ACTIVE_COMPILATION_CONDITIONS = "DEBUG $(inherited)";
				SWIFT_OPTIMIZATION_LEVEL = "-Onone";
			};
			name = Debug;
		};
		46A7EA0B2C81FFAF00CD04DB /* Release */ = {
			isa = XCBuildConfiguration;
			buildSettings = {
				ALWAYS_SEARCH_USER_PATHS = NO;
				ASSETCATALOG_COMPILER_GENERATE_SWIFT_ASSET_SYMBOL_EXTENSIONS = YES;
				CLANG_ANALYZER_NONNULL = YES;
				CLANG_ANALYZER_NUMBER_OBJECT_CONVERSION = YES_AGGRESSIVE;
				CLANG_CXX_LANGUAGE_STANDARD = "gnu++20";
				CLANG_ENABLE_MODULES = YES;
				CLANG_ENABLE_OBJC_ARC = YES;
				CLANG_ENABLE_OBJC_WEAK = YES;
				CLANG_WARN_BLOCK_CAPTURE_AUTORELEASING = YES;
				CLANG_WARN_BOOL_CONVERSION = YES;
				CLANG_WARN_COMMA = YES;
				CLANG_WARN_CONSTANT_CONVERSION = YES;
				CLANG_WARN_DEPRECATED_OBJC_IMPLEMENTATIONS = YES;
				CLANG_WARN_DIRECT_OBJC_ISA_USAGE = YES_ERROR;
				CLANG_WARN_DOCUMENTATION_COMMENTS = YES;
				CLANG_WARN_EMPTY_BODY = YES;
				CLANG_WARN_ENUM_CONVERSION = YES;
				CLANG_WARN_INFINITE_RECURSION = YES;
				CLANG_WARN_INT_CONVERSION = YES;
				CLANG_WARN_NON_LITERAL_NULL_CONVERSION = YES;
				CLANG_WARN_OBJC_IMPLICIT_RETAIN_SELF = YES;
				CLANG_WARN_OBJC_LITERAL_CONVERSION = YES;
				CLANG_WARN_OBJC_ROOT_CLASS = YES_ERROR;
				CLANG_WARN_QUOTED_INCLUDE_IN_FRAMEWORK_HEADER = YES;
				CLANG_WARN_RANGE_LOOP_ANALYSIS = YES;
				CLANG_WARN_STRICT_PROTOTYPES = YES;
				CLANG_WARN_SUSPICIOUS_MOVE = YES;
				CLANG_WARN_UNGUARDED_AVAILABILITY = YES_AGGRESSIVE;
				CLANG_WARN_UNREACHABLE_CODE = YES;
				CLANG_WARN__DUPLICATE_METHOD_MATCH = YES;
				COPY_PHASE_STRIP = NO;
				DEBUG_INFORMATION_FORMAT = "dwarf-with-dsym";
				ENABLE_NS_ASSERTIONS = NO;
				ENABLE_STRICT_OBJC_MSGSEND = YES;
				ENABLE_USER_SCRIPT_SANDBOXING = YES;
				GCC_C_LANGUAGE_STANDARD = gnu17;
				GCC_NO_COMMON_BLOCKS = YES;
				GCC_WARN_64_TO_32_BIT_CONVERSION = YES;
				GCC_WARN_ABOUT_RETURN_TYPE = YES_ERROR;
				GCC_WARN_UNDECLARED_SELECTOR = YES;
				GCC_WARN_UNINITIALIZED_AUTOS = YES_AGGRESSIVE;
				GCC_WARN_UNUSED_FUNCTION = YES;
				GCC_WARN_UNUSED_VARIABLE = YES;
				IPHONEOS_DEPLOYMENT_TARGET = 17.5;
				LOCALIZATION_PREFERS_STRING_CATALOGS = YES;
				MTL_ENABLE_DEBUG_INFO = NO;
				MTL_FAST_MATH = YES;
				SDKROOT = iphoneos;
				SWIFT_COMPILATION_MODE = wholemodule;
				VALIDATE_PRODUCT = YES;
			};
			name = Release;
		};
		46A7EA0D2C81FFAF00CD04DB /* Debug */ = {
			isa = XCBuildConfiguration;
			buildSettings = {
				ASSETCATALOG_COMPILER_APPICON_NAME = AppIcon;
				ASSETCATALOG_COMPILER_GLOBAL_ACCENT_COLOR_NAME = AccentColor;
				CODE_SIGN_STYLE = Automatic;
				CURRENT_PROJECT_VERSION = 1;
				DEVELOPMENT_ASSET_PATHS = "\"Journal/Preview Content\"";
				DEVELOPMENT_TEAM = X458CUZL7L;
				ENABLE_PREVIEWS = YES;
				GENERATE_INFOPLIST_FILE = YES;
				INFOPLIST_KEY_UIApplicationSceneManifest_Generation = YES;
				INFOPLIST_KEY_UIApplicationSupportsIndirectInputEvents = YES;
				INFOPLIST_KEY_UILaunchScreen_Generation = YES;
				INFOPLIST_KEY_UISupportedInterfaceOrientations_iPad = "UIInterfaceOrientationPortrait UIInterfaceOrientationPortraitUpsideDown UIInterfaceOrientationLandscapeLeft UIInterfaceOrientationLandscapeRight";
				INFOPLIST_KEY_UISupportedInterfaceOrientations_iPhone = "UIInterfaceOrientationPortrait UIInterfaceOrientationLandscapeLeft UIInterfaceOrientationLandscapeRight";
				LD_RUNPATH_SEARCH_PATHS = (
					"$(inherited)",
					"@executable_path/Frameworks",
				);
				MARKETING_VERSION = 1.0;
				PRODUCT_BUNDLE_IDENTIFIER = io..Journal;
				PRODUCT_NAME = "$(TARGET_NAME)";
				SWIFT_EMIT_LOC_STRINGS = YES;
				SWIFT_VERSION = 5.0;
				TARGETED_DEVICE_FAMILY = "1,2";
			};
			name = Debug;
		};
		46A7EA0E2C81FFAF00CD04DB /* Release */ = {
			isa = XCBuildConfiguration;
			buildSettings = {
				ASSETCATALOG_COMPILER_APPICON_NAME = AppIcon;
				ASSETCATALOG_COMPILER_GLOBAL_ACCENT_COLOR_NAME = AccentColor;
				CODE_SIGN_STYLE = Automatic;
				CURRENT_PROJECT_VERSION = 1;
				DEVELOPMENT_ASSET_PATHS = "\"Journal/Preview Content\"";
				DEVELOPMENT_TEAM = X458CUZL7L;
				ENABLE_PREVIEWS = YES;
				GENERATE_INFOPLIST_FILE = YES;
				INFOPLIST_KEY_UIApplicationSceneManifest_Generation = YES;
				INFOPLIST_KEY_UIApplicationSupportsIndirectInputEvents = YES;
				INFOPLIST_KEY_UILaunchScreen_Generation = YES;
				INFOPLIST_KEY_UISupportedInterfaceOrientations_iPad = "UIInterfaceOrientationPortrait UIInterfaceOrientationPortraitUpsideDown UIInterfaceOrientationLandscapeLeft UIInterfaceOrientationLandscapeRight";
				INFOPLIST_KEY_UISupportedInterfaceOrientations_iPhone = "UIInterfaceOrientationPortrait UIInterfaceOrientationLandscapeLeft UIInterfaceOrientationLandscapeRight";
				LD_RUNPATH_SEARCH_PATHS = (
					"$(inherited)",
					"@executable_path/Frameworks",
				);
				MARKETING_VERSION = 1.0;
				PRODUCT_BUNDLE_IDENTIFIER = io..Journal;
				PRODUCT_NAME = "$(TARGET_NAME)";
				SWIFT_EMIT_LOC_STRINGS = YES;
				SWIFT_VERSION = 5.0;
				TARGETED_DEVICE_FAMILY = "1,2";
			};
			name = Release;
		};
		46A7EA102C81FFAF00CD04DB /* Debug */ = {
			isa = XCBuildConfiguration;
			buildSettings = {
				ALWAYS_EMBED_SWIFT_STANDARD_LIBRARIES = YES;
				BUNDLE_LOADER = "$(TEST_HOST)";
				CODE_SIGN_STYLE = Automatic;
				CURRENT_PROJECT_VERSION = 1;
				DEVELOPMENT_TEAM = X458CUZL7L;
				GENERATE_INFOPLIST_FILE = YES;
				IPHONEOS_DEPLOYMENT_TARGET = 17.5;
				MARKETING_VERSION = 1.0;
				PRODUCT_BUNDLE_IDENTIFIER = io..JournalTests;
				PRODUCT_NAME = "$(TARGET_NAME)";
				SWIFT_EMIT_LOC_STRINGS = NO;
				SWIFT_VERSION = 5.0;
				TARGETED_DEVICE_FAMILY = "1,2";
				TEST_HOST = "$(BUILT_PRODUCTS_DIR)/Journal.app/$(BUNDLE_EXECUTABLE_FOLDER_PATH)/Journal";
			};
			name = Debug;
		};
		46A7EA112C81FFAF00CD04DB /* Release */ = {
			isa = XCBuildConfiguration;
			buildSettings = {
				ALWAYS_EMBED_SWIFT_STANDARD_LIBRARIES = YES;
				BUNDLE_LOADER = "$(TEST_HOST)";
				CODE_SIGN_STYLE = Automatic;
				CURRENT_PROJECT_VERSION = 1;
				DEVELOPMENT_TEAM = X458CUZL7L;
				GENERATE_INFOPLIST_FILE = YES;
				IPHONEOS_DEPLOYMENT_TARGET = 17.5;
				MARKETING_VERSION = 1.0;
				PRODUCT_BUNDLE_IDENTIFIER = io..JournalTests;
				PRODUCT_NAME = "$(TARGET_NAME)";
				SWIFT_EMIT_LOC_STRINGS = NO;
				SWIFT_VERSION = 5.0;
				TARGETED_DEVICE_FAMILY = "1,2";
				TEST_HOST = "$(BUILT_PRODUCTS_DIR)/Journal.app/$(BUNDLE_EXECUTABLE_FOLDER_PATH)/Journal";
			};
			name = Release;
		};
		46A7EA132C81FFAF00CD04DB /* Debug */ = {
			isa = XCBuildConfiguration;
			buildSettings = {
				ALWAYS_EMBED_SWIFT_STANDARD_LIBRARIES = YES;
				CODE_SIGN_STYLE = Automatic;
				CURRENT_PROJECT_VERSION = 1;
				DEVELOPMENT_TEAM = X458CUZL7L;
				GENERATE_INFOPLIST_FILE = YES;
				MARKETING_VERSION = 1.0;
				PRODUCT_BUNDLE_IDENTIFIER = io..JournalUITests;
				PRODUCT_NAME = "$(TARGET_NAME)";
				SWIFT_EMIT_LOC_STRINGS = NO;
				SWIFT_VERSION = 5.0;
				TARGETED_DEVICE_FAMILY = "1,2";
				TEST_TARGET_NAME = Journal;
			};
			name = Debug;
		};
		46A7EA142C81FFAF00CD04DB /* Release */ = {
			isa = XCBuildConfiguration;
			buildSettings = {
				ALWAYS_EMBED_SWIFT_STANDARD_LIBRARIES = YES;
				CODE_SIGN_STYLE = Automatic;
				CURRENT_PROJECT_VERSION = 1;
				DEVELOPMENT_TEAM = X458CUZL7L;
				GENERATE_INFOPLIST_FILE = YES;
				MARKETING_VERSION = 1.0;
				PRODUCT_BUNDLE_IDENTIFIER = io..JournalUITests;
				PRODUCT_NAME = "$(TARGET_NAME)";
				SWIFT_EMIT_LOC_STRINGS = NO;
				SWIFT_VERSION = 5.0;
				TARGETED_DEVICE_FAMILY = "1,2";
				TEST_TARGET_NAME = Journal;
			};
			name = Release;
		};
/* End XCBuildConfiguration section */

/* Begin XCConfigurationList section */
		46A7E9E32C81FFAE00CD04DB /* Build configuration list for PBXProject "Journal" */ = {
			isa = XCConfigurationList;
			buildConfigurations = (
				46A7EA0A2C81FFAF00CD04DB /* Debug */,
				46A7EA0B2C81FFAF00CD04DB /* Release */,
			);
			defaultConfigurationIsVisible = 0;
			defaultConfigurationName = Release;
		};
		46A7EA0C2C81FFAF00CD04DB /* Build configuration list for PBXNativeTarget "Journal" */ = {
			isa = XCConfigurationList;
			buildConfigurations = (
				46A7EA0D2C81FFAF00CD04DB /* Debug */,
				46A7EA0E2C81FFAF00CD04DB /* Release */,
			);
			defaultConfigurationIsVisible = 0;
			defaultConfigurationName = Release;
		};
		46A7EA0F2C81FFAF00CD04DB /* Build configuration list for PBXNativeTarget "JournalTests" */ = {
			isa = XCConfigurationList;
			buildConfigurations = (
				46A7EA102C81FFAF00CD04DB /* Debug */,
				46A7EA112C81FFAF00CD04DB /* Release */,
			);
			defaultConfigurationIsVisible = 0;
			defaultConfigurationName = Release;
		};
		46A7EA122C81FFAF00CD04DB /* Build configuration list for PBXNativeTarget "JournalUITests" */ = {
			isa = XCConfigurationList;
			buildConfigurations = (
				46A7EA132C81FFAF00CD04DB /* Debug */,
				46A7EA142C81FFAF00CD04DB /* Release */,
			);
			defaultConfigurationIsVisible = 0;
			defaultConfigurationName = Release;
		};
/* End XCConfigurationList section */

/* Begin XCRemoteSwiftPackageReference section */
		46A7EA1F2C82024900CD04DB /* XCRemoteSwiftPackageReference "firebase-ios-sdk" */ = {
			isa = XCRemoteSwiftPackageReference;
			repositoryURL = "https://github.com/firebase/firebase-ios-sdk";
			requirement = {
				kind = upToNextMajorVersion;
				minimumVersion = 11.1.0;
			};
		};
/* End XCRemoteSwiftPackageReference section */

/* Begin XCSwiftPackageProductDependency section */
		46A7EA212C82026600CD04DB /* FirebaseAuth */ = {
			isa = XCSwiftPackageProductDependency;
			package = 46A7EA1F2C82024900CD04DB /* XCRemoteSwiftPackageReference "firebase-ios-sdk" */;
			productName = FirebaseAuth;
		};
		46A7EA232C82026F00CD04DB /* FirebaseFirestore */ = {
			isa = XCSwiftPackageProductDependency;
			package = 46A7EA1F2C82024900CD04DB /* XCRemoteSwiftPackageReference "firebase-ios-sdk" */;
			productName = FirebaseFirestore;
		};
		46A7EA252C82028100CD04DB /* FirebaseStorage */ = {
			isa = XCSwiftPackageProductDependency;
			package = 46A7EA1F2C82024900CD04DB /* XCRemoteSwiftPackageReference "firebase-ios-sdk" */;
			productName = FirebaseStorage;
		};
/* End XCSwiftPackageProductDependency section */
	};
	rootObject = 46A7E9E02C81FFAE00CD04DB /* Project object */;
}
