// !$*UTF8*$!
{
	archiveVersion = 1;
	classes = {
	};
	objectVersion = 56;
	objects = {

/* Begin PBXBuildFile section */
		468E2FF32C3EACB3007A87A4 /* JournalApp.swift in Sources */ = {isa = PBXBuildFile; fileRef = 468E2FF22C3EACB3007A87A4 /* JournalApp.swift */; };
		468E2FF52C3EACB3007A87A4 /* ContentView.swift in Sources */ = {isa = PBXBuildFile; fileRef = 468E2FF42C3EACB3007A87A4 /* ContentView.swift */; };
		468E2FF72C3EACB3007A87A4 /* Assets.xcassets in Resources */ = {isa = PBXBuildFile; fileRef = 468E2FF62C3EACB3007A87A4 /* Assets.xcassets */; };
		468E2FFA2C3EACB3007A87A4 /* Preview Assets.xcassets in Resources */ = {isa = PBXBuildFile; fileRef = 468E2FF92C3EACB3007A87A4 /* Preview Assets.xcassets */; };
		468E30042C3EACB4007A87A4 /* JournalTests.swift in Sources */ = {isa = PBXBuildFile; fileRef = 468E30032C3EACB4007A87A4 /* JournalTests.swift */; };
		468E300E2C3EACB4007A87A4 /* JournalUITests.swift in Sources */ = {isa = PBXBuildFile; fileRef = 468E300D2C3EACB4007A87A4 /* JournalUITests.swift */; };
		468E30102C3EACB4007A87A4 /* JournalUITestsLaunchTests.swift in Sources */ = {isa = PBXBuildFile; fileRef = 468E300F2C3EACB4007A87A4 /* JournalUITestsLaunchTests.swift */; };
		468E30252C3EAE9A007A87A4 /* GoogleService-Info.plist in Resources */ = {isa = PBXBuildFile; fileRef = 468E30242C3EAE9A007A87A4 /* GoogleService-Info.plist */; };
		468E302B2C3EAF3C007A87A4 /* FirebaseFirestore in Frameworks */ = {isa = PBXBuildFile; productRef = 468E302A2C3EAF3C007A87A4 /* FirebaseFirestore */; };
		468E302D2C3EAF47007A87A4 /* FirebaseFirestoreSwift in Frameworks */ = {isa = PBXBuildFile; productRef = 468E302C2C3EAF47007A87A4 /* FirebaseFirestoreSwift */; };
		468E302F2C3EAF4D007A87A4 /* FirebaseAuth in Frameworks */ = {isa = PBXBuildFile; productRef = 468E302E2C3EAF4D007A87A4 /* FirebaseAuth */; };
		468E30312C3EAF62007A87A4 /* FirebaseStorage in Frameworks */ = {isa = PBXBuildFile; productRef = 468E30302C3EAF62007A87A4 /* FirebaseStorage */; };
		468E30342C3EB2CA007A87A4 /* Profile.swift in Sources */ = {isa = PBXBuildFile; fileRef = 468E30332C3EB2CA007A87A4 /* Profile.swift */; };
		468E30362C3EB3D4007A87A4 /* AuthState.swift in Sources */ = {isa = PBXBuildFile; fileRef = 468E30352C3EB3D4007A87A4 /* AuthState.swift */; };
		468E30392C3EB428007A87A4 /* AuthService.swift in Sources */ = {isa = PBXBuildFile; fileRef = 468E30382C3EB428007A87A4 /* AuthService.swift */; };
		468E303D2C3EBB12007A87A4 /* AuthViewModel.swift in Sources */ = {isa = PBXBuildFile; fileRef = 468E303C2C3EBB12007A87A4 /* AuthViewModel.swift */; };
		468E30402C3EBD5E007A87A4 /* SettingsViewModel.swift in Sources */ = {isa = PBXBuildFile; fileRef = 468E303F2C3EBD5E007A87A4 /* SettingsViewModel.swift */; };
/* End PBXBuildFile section */

/* Begin PBXContainerItemProxy section */
		468E30002C3EACB4007A87A4 /* PBXContainerItemProxy */ = {
			isa = PBXContainerItemProxy;
			containerPortal = 468E2FE72C3EACB3007A87A4 /* Project object */;
			proxyType = 1;
			remoteGlobalIDString = 468E2FEE2C3EACB3007A87A4;
			remoteInfo = Journal;
		};
		468E300A2C3EACB4007A87A4 /* PBXContainerItemProxy */ = {
			isa = PBXContainerItemProxy;
			containerPortal = 468E2FE72C3EACB3007A87A4 /* Project object */;
			proxyType = 1;
			remoteGlobalIDString = 468E2FEE2C3EACB3007A87A4;
			remoteInfo = Journal;
		};
/* End PBXContainerItemProxy section */

/* Begin PBXFileReference section */
		468E2FEF2C3EACB3007A87A4 /* Journal.app */ = {isa = PBXFileReference; explicitFileType = wrapper.application; includeInIndex = 0; path = Journal.app; sourceTree = BUILT_PRODUCTS_DIR; };
		468E2FF22C3EACB3007A87A4 /* JournalApp.swift */ = {isa = PBXFileReference; lastKnownFileType = sourcecode.swift; path = JournalApp.swift; sourceTree = "<group>"; };
		468E2FF42C3EACB3007A87A4 /* ContentView.swift */ = {isa = PBXFileReference; lastKnownFileType = sourcecode.swift; path = ContentView.swift; sourceTree = "<group>"; };
		468E2FF62C3EACB3007A87A4 /* Assets.xcassets */ = {isa = PBXFileReference; lastKnownFileType = folder.assetcatalog; path = Assets.xcassets; sourceTree = "<group>"; };
		468E2FF92C3EACB3007A87A4 /* Preview Assets.xcassets */ = {isa = PBXFileReference; lastKnownFileType = folder.assetcatalog; path = "Preview Assets.xcassets"; sourceTree = "<group>"; };
		468E2FFF2C3EACB4007A87A4 /* JournalTests.xctest */ = {isa = PBXFileReference; explicitFileType = wrapper.cfbundle; includeInIndex = 0; path = JournalTests.xctest; sourceTree = BUILT_PRODUCTS_DIR; };
		468E30032C3EACB4007A87A4 /* JournalTests.swift */ = {isa = PBXFileReference; lastKnownFileType = sourcecode.swift; path = JournalTests.swift; sourceTree = "<group>"; };
		468E30092C3EACB4007A87A4 /* JournalUITests.xctest */ = {isa = PBXFileReference; explicitFileType = wrapper.cfbundle; includeInIndex = 0; path = JournalUITests.xctest; sourceTree = BUILT_PRODUCTS_DIR; };
		468E300D2C3EACB4007A87A4 /* JournalUITests.swift */ = {isa = PBXFileReference; lastKnownFileType = sourcecode.swift; path = JournalUITests.swift; sourceTree = "<group>"; };
		468E300F2C3EACB4007A87A4 /* JournalUITestsLaunchTests.swift */ = {isa = PBXFileReference; lastKnownFileType = sourcecode.swift; path = JournalUITestsLaunchTests.swift; sourceTree = "<group>"; };
		468E30242C3EAE9A007A87A4 /* GoogleService-Info.plist */ = {isa = PBXFileReference; fileEncoding = 4; lastKnownFileType = text.plist.xml; path = "GoogleService-Info.plist"; sourceTree = "<group>"; };
		468E30332C3EB2CA007A87A4 /* Profile.swift */ = {isa = PBXFileReference; lastKnownFileType = sourcecode.swift; path = Profile.swift; sourceTree = "<group>"; };
		468E30352C3EB3D4007A87A4 /* AuthState.swift */ = {isa = PBXFileReference; lastKnownFileType = sourcecode.swift; path = AuthState.swift; sourceTree = "<group>"; };
		468E30382C3EB428007A87A4 /* AuthService.swift */ = {isa = PBXFileReference; lastKnownFileType = sourcecode.swift; path = AuthService.swift; sourceTree = "<group>"; };
		468E303C2C3EBB12007A87A4 /* AuthViewModel.swift */ = {isa = PBXFileReference; lastKnownFileType = sourcecode.swift; path = AuthViewModel.swift; sourceTree = "<group>"; };
		468E303F2C3EBD5E007A87A4 /* SettingsViewModel.swift */ = {isa = PBXFileReference; lastKnownFileType = sourcecode.swift; path = SettingsViewModel.swift; sourceTree = "<group>"; };
/* End PBXFileReference section */

/* Begin PBXFrameworksBuildPhase section */
		468E2FEC2C3EACB3007A87A4 /* Frameworks */ = {
			isa = PBXFrameworksBuildPhase;
			buildActionMask = 2147483647;
			files = (
				468E302B2C3EAF3C007A87A4 /* FirebaseFirestore in Frameworks */,
				468E30312C3EAF62007A87A4 /* FirebaseStorage in Frameworks */,
				468E302F2C3EAF4D007A87A4 /* FirebaseAuth in Frameworks */,
				468E302D2C3EAF47007A87A4 /* FirebaseFirestoreSwift in Frameworks */,
			);
			runOnlyForDeploymentPostprocessing = 0;
		};
		468E2FFC2C3EACB4007A87A4 /* Frameworks */ = {
			isa = PBXFrameworksBuildPhase;
			buildActionMask = 2147483647;
			files = (
			);
			runOnlyForDeploymentPostprocessing = 0;
		};
		468E30062C3EACB4007A87A4 /* Frameworks */ = {
			isa = PBXFrameworksBuildPhase;
			buildActionMask = 2147483647;
			files = (
			);
			runOnlyForDeploymentPostprocessing = 0;
		};
/* End PBXFrameworksBuildPhase section */

/* Begin PBXGroup section */
		468E2FE62C3EACB3007A87A4 = {
			isa = PBXGroup;
			children = (
				468E30232C3EADFE007A87A4 /* App */,
				468E30202C3EADCE007A87A4 /* Extensions */,
				468E30272C3EAEB5007A87A4 /* Firebase */,
				468E30322C3EB2B4007A87A4 /* Models */,
				468E30222C3EADE0007A87A4 /* Components */,
				468E301F2C3EADC4007A87A4 /* Services */,
				468E301E2C3EADB7007A87A4 /* Subviews */,
				468E301D2C3EADB0007A87A4 /* Core */,
				468E2FF12C3EACB3007A87A4 /* Journal */,
				468E30022C3EACB4007A87A4 /* JournalTests */,
				468E300C2C3EACB4007A87A4 /* JournalUITests */,
				468E2FF02C3EACB3007A87A4 /* Products */,
				468E30292C3EAF3C007A87A4 /* Frameworks */,
			);
			sourceTree = "<group>";
		};
		468E2FF02C3EACB3007A87A4 /* Products */ = {
			isa = PBXGroup;
			children = (
				468E2FEF2C3EACB3007A87A4 /* Journal.app */,
				468E2FFF2C3EACB4007A87A4 /* JournalTests.xctest */,
				468E30092C3EACB4007A87A4 /* JournalUITests.xctest */,
			);
			name = Products;
			sourceTree = "<group>";
		};
		468E2FF12C3EACB3007A87A4 /* Journal */ = {
			isa = PBXGroup;
			children = (
				468E2FF62C3EACB3007A87A4 /* Assets.xcassets */,
				468E2FF82C3EACB3007A87A4 /* Preview Content */,
			);
			path = Journal;
			sourceTree = "<group>";
		};
		468E2FF82C3EACB3007A87A4 /* Preview Content */ = {
			isa = PBXGroup;
			children = (
				468E2FF92C3EACB3007A87A4 /* Preview Assets.xcassets */,
			);
			path = "Preview Content";
			sourceTree = "<group>";
		};
		468E30022C3EACB4007A87A4 /* JournalTests */ = {
			isa = PBXGroup;
			children = (
				468E30032C3EACB4007A87A4 /* JournalTests.swift */,
			);
			path = JournalTests;
			sourceTree = "<group>";
		};
		468E300C2C3EACB4007A87A4 /* JournalUITests */ = {
			isa = PBXGroup;
			children = (
				468E300D2C3EACB4007A87A4 /* JournalUITests.swift */,
				468E300F2C3EACB4007A87A4 /* JournalUITestsLaunchTests.swift */,
			);
			path = JournalUITests;
			sourceTree = "<group>";
		};
		468E301D2C3EADB0007A87A4 /* Core */ = {
			isa = PBXGroup;
			children = (
				468E2FF42C3EACB3007A87A4 /* ContentView.swift */,
				468E303A2C3EBAE2007A87A4 /* Authentication */,
				468E303E2C3EBD40007A87A4 /* Settings */,
			);
			path = Core;
			sourceTree = "<group>";
		};
		468E301E2C3EADB7007A87A4 /* Subviews */ = {
			isa = PBXGroup;
			children = (
			);
			path = Subviews;
			sourceTree = "<group>";
		};
		468E301F2C3EADC4007A87A4 /* Services */ = {
			isa = PBXGroup;
			children = (
				468E30382C3EB428007A87A4 /* AuthService.swift */,
			);
			path = Services;
			sourceTree = "<group>";
		};
		468E30202C3EADCE007A87A4 /* Extensions */ = {
			isa = PBXGroup;
			children = (
			);
			path = Extensions;
			sourceTree = "<group>";
		};
		468E30222C3EADE0007A87A4 /* Components */ = {
			isa = PBXGroup;
			children = (
			);
			path = Components;
			sourceTree = "<group>";
		};
		468E30232C3EADFE007A87A4 /* App */ = {
			isa = PBXGroup;
			children = (
				468E2FF22C3EACB3007A87A4 /* JournalApp.swift */,
			);
			path = App;
			sourceTree = "<group>";
		};
		468E30272C3EAEB5007A87A4 /* Firebase */ = {
			isa = PBXGroup;
			children = (
				468E30242C3EAE9A007A87A4 /* GoogleService-Info.plist */,
			);
			path = Firebase;
			sourceTree = "<group>";
		};
		468E30292C3EAF3C007A87A4 /* Frameworks */ = {
			isa = PBXGroup;
			children = (
			);
			name = Frameworks;
			sourceTree = "<group>";
		};
		468E30322C3EB2B4007A87A4 /* Models */ = {
			isa = PBXGroup;
			children = (
				468E30372C3EB3D8007A87A4 /* Auth */,
			);
			path = Models;
			sourceTree = "<group>";
		};
		468E30372C3EB3D8007A87A4 /* Auth */ = {
			isa = PBXGroup;
			children = (
				468E30352C3EB3D4007A87A4 /* AuthState.swift */,
				468E30332C3EB2CA007A87A4 /* Profile.swift */,
			);
			path = Auth;
			sourceTree = "<group>";
		};
		468E303A2C3EBAE2007A87A4 /* Authentication */ = {
			isa = PBXGroup;
			children = (
				468E303B2C3EBAF3007A87A4 /* ViewModel */,
			);
			path = Authentication;
			sourceTree = "<group>";
		};
		468E303B2C3EBAF3007A87A4 /* ViewModel */ = {
			isa = PBXGroup;
			children = (
				468E303C2C3EBB12007A87A4 /* AuthViewModel.swift */,
			);
			path = ViewModel;
			sourceTree = "<group>";
		};
		468E303E2C3EBD40007A87A4 /* Settings */ = {
			isa = PBXGroup;
			children = (
				468E303F2C3EBD5E007A87A4 /* SettingsViewModel.swift */,
			);
			path = Settings;
			sourceTree = "<group>";
		};
/* End PBXGroup section */

/* Begin PBXNativeTarget section */
		468E2FEE2C3EACB3007A87A4 /* Journal */ = {
			isa = PBXNativeTarget;
			buildConfigurationList = 468E30132C3EACB4007A87A4 /* Build configuration list for PBXNativeTarget "Journal" */;
			buildPhases = (
				468E2FEB2C3EACB3007A87A4 /* Sources */,
				468E2FEC2C3EACB3007A87A4 /* Frameworks */,
				468E2FED2C3EACB3007A87A4 /* Resources */,
			);
			buildRules = (
			);
			dependencies = (
			);
			name = Journal;
			packageProductDependencies = (
				468E302A2C3EAF3C007A87A4 /* FirebaseFirestore */,
				468E302C2C3EAF47007A87A4 /* FirebaseFirestoreSwift */,
				468E302E2C3EAF4D007A87A4 /* FirebaseAuth */,
				468E30302C3EAF62007A87A4 /* FirebaseStorage */,
			);
			productName = Journal;
			productReference = 468E2FEF2C3EACB3007A87A4 /* Journal.app */;
			productType = "com.apple.product-type.application";
		};
		468E2FFE2C3EACB4007A87A4 /* JournalTests */ = {
			isa = PBXNativeTarget;
			buildConfigurationList = 468E30162C3EACB4007A87A4 /* Build configuration list for PBXNativeTarget "JournalTests" */;
			buildPhases = (
				468E2FFB2C3EACB4007A87A4 /* Sources */,
				468E2FFC2C3EACB4007A87A4 /* Frameworks */,
				468E2FFD2C3EACB4007A87A4 /* Resources */,
			);
			buildRules = (
			);
			dependencies = (
				468E30012C3EACB4007A87A4 /* PBXTargetDependency */,
			);
			name = JournalTests;
			productName = JournalTests;
			productReference = 468E2FFF2C3EACB4007A87A4 /* JournalTests.xctest */;
			productType = "com.apple.product-type.bundle.unit-test";
		};
		468E30082C3EACB4007A87A4 /* JournalUITests */ = {
			isa = PBXNativeTarget;
			buildConfigurationList = 468E30192C3EACB4007A87A4 /* Build configuration list for PBXNativeTarget "JournalUITests" */;
			buildPhases = (
				468E30052C3EACB4007A87A4 /* Sources */,
				468E30062C3EACB4007A87A4 /* Frameworks */,
				468E30072C3EACB4007A87A4 /* Resources */,
			);
			buildRules = (
			);
			dependencies = (
				468E300B2C3EACB4007A87A4 /* PBXTargetDependency */,
			);
			name = JournalUITests;
			productName = JournalUITests;
			productReference = 468E30092C3EACB4007A87A4 /* JournalUITests.xctest */;
			productType = "com.apple.product-type.bundle.ui-testing";
		};
/* End PBXNativeTarget section */

/* Begin PBXProject section */
		468E2FE72C3EACB3007A87A4 /* Project object */ = {
			isa = PBXProject;
			attributes = {
				BuildIndependentTargetsInParallel = 1;
				LastSwiftUpdateCheck = 1430;
				LastUpgradeCheck = 1430;
				TargetAttributes = {
					468E2FEE2C3EACB3007A87A4 = {
						CreatedOnToolsVersion = 14.3.1;
					};
					468E2FFE2C3EACB4007A87A4 = {
						CreatedOnToolsVersion = 14.3.1;
						TestTargetID = 468E2FEE2C3EACB3007A87A4;
					};
					468E30082C3EACB4007A87A4 = {
						CreatedOnToolsVersion = 14.3.1;
						TestTargetID = 468E2FEE2C3EACB3007A87A4;
					};
				};
			};
			buildConfigurationList = 468E2FEA2C3EACB3007A87A4 /* Build configuration list for PBXProject "Journal" */;
			compatibilityVersion = "Xcode 14.0";
			developmentRegion = en;
			hasScannedForEncodings = 0;
			knownRegions = (
				en,
				Base,
			);
			mainGroup = 468E2FE62C3EACB3007A87A4;
			packageReferences = (
				468E30282C3EAF21007A87A4 /* XCRemoteSwiftPackageReference "firebase-ios-sdk" */,
			);
			productRefGroup = 468E2FF02C3EACB3007A87A4 /* Products */;
			projectDirPath = "";
			projectRoot = "";
			targets = (
				468E2FEE2C3EACB3007A87A4 /* Journal */,
				468E2FFE2C3EACB4007A87A4 /* JournalTests */,
				468E30082C3EACB4007A87A4 /* JournalUITests */,
			);
		};
/* End PBXProject section */

/* Begin PBXResourcesBuildPhase section */
		468E2FED2C3EACB3007A87A4 /* Resources */ = {
			isa = PBXResourcesBuildPhase;
			buildActionMask = 2147483647;
			files = (
				468E30252C3EAE9A007A87A4 /* GoogleService-Info.plist in Resources */,
				468E2FFA2C3EACB3007A87A4 /* Preview Assets.xcassets in Resources */,
				468E2FF72C3EACB3007A87A4 /* Assets.xcassets in Resources */,
			);
			runOnlyForDeploymentPostprocessing = 0;
		};
		468E2FFD2C3EACB4007A87A4 /* Resources */ = {
			isa = PBXResourcesBuildPhase;
			buildActionMask = 2147483647;
			files = (
			);
			runOnlyForDeploymentPostprocessing = 0;
		};
		468E30072C3EACB4007A87A4 /* Resources */ = {
			isa = PBXResourcesBuildPhase;
			buildActionMask = 2147483647;
			files = (
			);
			runOnlyForDeploymentPostprocessing = 0;
		};
/* End PBXResourcesBuildPhase section */

/* Begin PBXSourcesBuildPhase section */
		468E2FEB2C3EACB3007A87A4 /* Sources */ = {
			isa = PBXSourcesBuildPhase;
			buildActionMask = 2147483647;
			files = (
				468E303D2C3EBB12007A87A4 /* AuthViewModel.swift in Sources */,
				468E2FF52C3EACB3007A87A4 /* ContentView.swift in Sources */,
				468E30362C3EB3D4007A87A4 /* AuthState.swift in Sources */,
				468E30392C3EB428007A87A4 /* AuthService.swift in Sources */,
				468E30342C3EB2CA007A87A4 /* Profile.swift in Sources */,
				468E2FF32C3EACB3007A87A4 /* JournalApp.swift in Sources */,
				468E30402C3EBD5E007A87A4 /* SettingsViewModel.swift in Sources */,
			);
			runOnlyForDeploymentPostprocessing = 0;
		};
		468E2FFB2C3EACB4007A87A4 /* Sources */ = {
			isa = PBXSourcesBuildPhase;
			buildActionMask = 2147483647;
			files = (
				468E30042C3EACB4007A87A4 /* JournalTests.swift in Sources */,
			);
			runOnlyForDeploymentPostprocessing = 0;
		};
		468E30052C3EACB4007A87A4 /* Sources */ = {
			isa = PBXSourcesBuildPhase;
			buildActionMask = 2147483647;
			files = (
				468E30102C3EACB4007A87A4 /* JournalUITestsLaunchTests.swift in Sources */,
				468E300E2C3EACB4007A87A4 /* JournalUITests.swift in Sources */,
			);
			runOnlyForDeploymentPostprocessing = 0;
		};
/* End PBXSourcesBuildPhase section */

/* Begin PBXTargetDependency section */
		468E30012C3EACB4007A87A4 /* PBXTargetDependency */ = {
			isa = PBXTargetDependency;
			target = 468E2FEE2C3EACB3007A87A4 /* Journal */;
			targetProxy = 468E30002C3EACB4007A87A4 /* PBXContainerItemProxy */;
		};
		468E300B2C3EACB4007A87A4 /* PBXTargetDependency */ = {
			isa = PBXTargetDependency;
			target = 468E2FEE2C3EACB3007A87A4 /* Journal */;
			targetProxy = 468E300A2C3EACB4007A87A4 /* PBXContainerItemProxy */;
		};
/* End PBXTargetDependency section */

/* Begin XCBuildConfiguration section */
		468E30112C3EACB4007A87A4 /* Debug */ = {
			isa = XCBuildConfiguration;
			buildSettings = {
				ALWAYS_SEARCH_USER_PATHS = NO;
				CLANG_ANALYZER_NONNULL = YES;
				CLANG_ANALYZER_NUMBER_OBJECT_CONVERSION = YES_AGGRESSIVE;
				CLANG_CXX_LANGUAGE_STANDARD = "gnu++20";
				CLANG_ENABLE_MODULES = YES;
				CLANG_ENABLE_OBJC_ARC = YES;
				CLANG_ENABLE_OBJC_WEAK = YES;
				CLANG_WARN_BLOCK_CAPTURE_AUTORELEASING = YES;
				CLANG_WARN_BOOL_CONVERSION = YES;
				CLANG_WARN_COMMA = YES;
				CLANG_WARN_CONSTANT_CONVERSION = YES;
				CLANG_WARN_DEPRECATED_OBJC_IMPLEMENTATIONS = YES;
				CLANG_WARN_DIRECT_OBJC_ISA_USAGE = YES_ERROR;
				CLANG_WARN_DOCUMENTATION_COMMENTS = YES;
				CLANG_WARN_EMPTY_BODY = YES;
				CLANG_WARN_ENUM_CONVERSION = YES;
				CLANG_WARN_INFINITE_RECURSION = YES;
				CLANG_WARN_INT_CONVERSION = YES;
				CLANG_WARN_NON_LITERAL_NULL_CONVERSION = YES;
				CLANG_WARN_OBJC_IMPLICIT_RETAIN_SELF = YES;
				CLANG_WARN_OBJC_LITERAL_CONVERSION = YES;
				CLANG_WARN_OBJC_ROOT_CLASS = YES_ERROR;
				CLANG_WARN_QUOTED_INCLUDE_IN_FRAMEWORK_HEADER = YES;
				CLANG_WARN_RANGE_LOOP_ANALYSIS = YES;
				CLANG_WARN_STRICT_PROTOTYPES = YES;
				CLANG_WARN_SUSPICIOUS_MOVE = YES;
				CLANG_WARN_UNGUARDED_AVAILABILITY = YES_AGGRESSIVE;
				CLANG_WARN_UNREACHABLE_CODE = YES;
				CLANG_WARN__DUPLICATE_METHOD_MATCH = YES;
				COPY_PHASE_STRIP = NO;
				DEBUG_INFORMATION_FORMAT = dwarf;
				ENABLE_STRICT_OBJC_MSGSEND = YES;
				ENABLE_TESTABILITY = YES;
				GCC_C_LANGUAGE_STANDARD = gnu11;
				GCC_DYNAMIC_NO_PIC = NO;
				GCC_NO_COMMON_BLOCKS = YES;
				GCC_OPTIMIZATION_LEVEL = 0;
				GCC_PREPROCESSOR_DEFINITIONS = (
					"DEBUG=1",
					"$(inherited)",
				);
				GCC_WARN_64_TO_32_BIT_CONVERSION = YES;
				GCC_WARN_ABOUT_RETURN_TYPE = YES_ERROR;
				GCC_WARN_UNDECLARED_SELECTOR = YES;
				GCC_WARN_UNINITIALIZED_AUTOS = YES_AGGRESSIVE;
				GCC_WARN_UNUSED_FUNCTION = YES;
				GCC_WARN_UNUSED_VARIABLE = YES;
				IPHONEOS_DEPLOYMENT_TARGET = 16.4;
				MTL_ENABLE_DEBUG_INFO = INCLUDE_SOURCE;
				MTL_FAST_MATH = YES;
				ONLY_ACTIVE_ARCH = YES;
				SDKROOT = iphoneos;
				SWIFT_ACTIVE_COMPILATION_CONDITIONS = DEBUG;
				SWIFT_OPTIMIZATION_LEVEL = "-Onone";
			};
			name = Debug;
		};
		468E30122C3EACB4007A87A4 /* Release */ = {
			isa = XCBuildConfiguration;
			buildSettings = {
				ALWAYS_SEARCH_USER_PATHS = NO;
				CLANG_ANALYZER_NONNULL = YES;
				CLANG_ANALYZER_NUMBER_OBJECT_CONVERSION = YES_AGGRESSIVE;
				CLANG_CXX_LANGUAGE_STANDARD = "gnu++20";
				CLANG_ENABLE_MODULES = YES;
				CLANG_ENABLE_OBJC_ARC = YES;
				CLANG_ENABLE_OBJC_WEAK = YES;
				CLANG_WARN_BLOCK_CAPTURE_AUTORELEASING = YES;
				CLANG_WARN_BOOL_CONVERSION = YES;
				CLANG_WARN_COMMA = YES;
				CLANG_WARN_CONSTANT_CONVERSION = YES;
				CLANG_WARN_DEPRECATED_OBJC_IMPLEMENTATIONS = YES;
				CLANG_WARN_DIRECT_OBJC_ISA_USAGE = YES_ERROR;
				CLANG_WARN_DOCUMENTATION_COMMENTS = YES;
				CLANG_WARN_EMPTY_BODY = YES;
				CLANG_WARN_ENUM_CONVERSION = YES;
				CLANG_WARN_INFINITE_RECURSION = YES;
				CLANG_WARN_INT_CONVERSION = YES;
				CLANG_WARN_NON_LITERAL_NULL_CONVERSION = YES;
				CLANG_WARN_OBJC_IMPLICIT_RETAIN_SELF = YES;
				CLANG_WARN_OBJC_LITERAL_CONVERSION = YES;
				CLANG_WARN_OBJC_ROOT_CLASS = YES_ERROR;
				CLANG_WARN_QUOTED_INCLUDE_IN_FRAMEWORK_HEADER = YES;
				CLANG_WARN_RANGE_LOOP_ANALYSIS = YES;
				CLANG_WARN_STRICT_PROTOTYPES = YES;
				CLANG_WARN_SUSPICIOUS_MOVE = YES;
				CLANG_WARN_UNGUARDED_AVAILABILITY = YES_AGGRESSIVE;
				CLANG_WARN_UNREACHABLE_CODE = YES;
				CLANG_WARN__DUPLICATE_METHOD_MATCH = YES;
				COPY_PHASE_STRIP = NO;
				DEBUG_INFORMATION_FORMAT = "dwarf-with-dsym";
				ENABLE_NS_ASSERTIONS = NO;
				ENABLE_STRICT_OBJC_MSGSEND = YES;
				GCC_C_LANGUAGE_STANDARD = gnu11;
				GCC_NO_COMMON_BLOCKS = YES;
				GCC_WARN_64_TO_32_BIT_CONVERSION = YES;
				GCC_WARN_ABOUT_RETURN_TYPE = YES_ERROR;
				GCC_WARN_UNDECLARED_SELECTOR = YES;
				GCC_WARN_UNINITIALIZED_AUTOS = YES_AGGRESSIVE;
				GCC_WARN_UNUSED_FUNCTION = YES;
				GCC_WARN_UNUSED_VARIABLE = YES;
				IPHONEOS_DEPLOYMENT_TARGET = 16.4;
				MTL_ENABLE_DEBUG_INFO = NO;
				MTL_FAST_MATH = YES;
				SDKROOT = iphoneos;
				SWIFT_COMPILATION_MODE = wholemodule;
				SWIFT_OPTIMIZATION_LEVEL = "-O";
				VALIDATE_PRODUCT = YES;
			};
			name = Release;
		};
		468E30142C3EACB4007A87A4 /* Debug */ = {
			isa = XCBuildConfiguration;
			buildSettings = {
				ASSETCATALOG_COMPILER_APPICON_NAME = AppIcon;
				ASSETCATALOG_COMPILER_GLOBAL_ACCENT_COLOR_NAME = AccentColor;
				CODE_SIGN_STYLE = Automatic;
				CURRENT_PROJECT_VERSION = 1;
				DEVELOPMENT_ASSET_PATHS = "\"Journal/Preview Content\"";
				DEVELOPMENT_TEAM = X458CUZL7L;
				ENABLE_PREVIEWS = YES;
				GENERATE_INFOPLIST_FILE = YES;
				INFOPLIST_KEY_UIApplicationSceneManifest_Generation = YES;
				INFOPLIST_KEY_UIApplicationSupportsIndirectInputEvents = YES;
				INFOPLIST_KEY_UILaunchScreen_Generation = YES;
				INFOPLIST_KEY_UISupportedInterfaceOrientations_iPad = "UIInterfaceOrientationPortrait UIInterfaceOrientationPortraitUpsideDown UIInterfaceOrientationLandscapeLeft UIInterfaceOrientationLandscapeRight";
				INFOPLIST_KEY_UISupportedInterfaceOrientations_iPhone = "UIInterfaceOrientationPortrait UIInterfaceOrientationLandscapeLeft UIInterfaceOrientationLandscapeRight";
				LD_RUNPATH_SEARCH_PATHS = (
					"$(inherited)",
					"@executable_path/Frameworks",
				);
				MARKETING_VERSION = 1.0;
				PRODUCT_BUNDLE_IDENTIFIER = io..Journal;
				PRODUCT_NAME = "$(TARGET_NAME)";
				SWIFT_EMIT_LOC_STRINGS = YES;
				SWIFT_VERSION = 5.0;
				TARGETED_DEVICE_FAMILY = "1,2";
			};
			name = Debug;
		};
		468E30152C3EACB4007A87A4 /* Release */ = {
			isa = XCBuildConfiguration;
			buildSettings = {
				ASSETCATALOG_COMPILER_APPICON_NAME = AppIcon;
				ASSETCATALOG_COMPILER_GLOBAL_ACCENT_COLOR_NAME = AccentColor;
				CODE_SIGN_STYLE = Automatic;
				CURRENT_PROJECT_VERSION = 1;
				DEVELOPMENT_ASSET_PATHS = "\"Journal/Preview Content\"";
				DEVELOPMENT_TEAM = X458CUZL7L;
				ENABLE_PREVIEWS = YES;
				GENERATE_INFOPLIST_FILE = YES;
				INFOPLIST_KEY_UIApplicationSceneManifest_Generation = YES;
				INFOPLIST_KEY_UIApplicationSupportsIndirectInputEvents = YES;
				INFOPLIST_KEY_UILaunchScreen_Generation = YES;
				INFOPLIST_KEY_UISupportedInterfaceOrientations_iPad = "UIInterfaceOrientationPortrait UIInterfaceOrientationPortraitUpsideDown UIInterfaceOrientationLandscapeLeft UIInterfaceOrientationLandscapeRight";
				INFOPLIST_KEY_UISupportedInterfaceOrientations_iPhone = "UIInterfaceOrientationPortrait UIInterfaceOrientationLandscapeLeft UIInterfaceOrientationLandscapeRight";
				LD_RUNPATH_SEARCH_PATHS = (
					"$(inherited)",
					"@executable_path/Frameworks",
				);
				MARKETING_VERSION = 1.0;
				PRODUCT_BUNDLE_IDENTIFIER = io..Journal;
				PRODUCT_NAME = "$(TARGET_NAME)";
				SWIFT_EMIT_LOC_STRINGS = YES;
				SWIFT_VERSION = 5.0;
				TARGETED_DEVICE_FAMILY = "1,2";
			};
			name = Release;
		};
		468E30172C3EACB4007A87A4 /* Debug */ = {
			isa = XCBuildConfiguration;
			buildSettings = {
				ALWAYS_EMBED_SWIFT_STANDARD_LIBRARIES = YES;
				BUNDLE_LOADER = "$(TEST_HOST)";
				CODE_SIGN_STYLE = Automatic;
				CURRENT_PROJECT_VERSION = 1;
				DEVELOPMENT_TEAM = X458CUZL7L;
				GENERATE_INFOPLIST_FILE = YES;
				IPHONEOS_DEPLOYMENT_TARGET = 16.4;
				MARKETING_VERSION = 1.0;
				PRODUCT_BUNDLE_IDENTIFIER = io..JournalTests;
				PRODUCT_NAME = "$(TARGET_NAME)";
				SWIFT_EMIT_LOC_STRINGS = NO;
				SWIFT_VERSION = 5.0;
				TARGETED_DEVICE_FAMILY = "1,2";
				TEST_HOST = "$(BUILT_PRODUCTS_DIR)/Journal.app/$(BUNDLE_EXECUTABLE_FOLDER_PATH)/Journal";
			};
			name = Debug;
		};
		468E30182C3EACB4007A87A4 /* Release */ = {
			isa = XCBuildConfiguration;
			buildSettings = {
				ALWAYS_EMBED_SWIFT_STANDARD_LIBRARIES = YES;
				BUNDLE_LOADER = "$(TEST_HOST)";
				CODE_SIGN_STYLE = Automatic;
				CURRENT_PROJECT_VERSION = 1;
				DEVELOPMENT_TEAM = X458CUZL7L;
				GENERATE_INFOPLIST_FILE = YES;
				IPHONEOS_DEPLOYMENT_TARGET = 16.4;
				MARKETING_VERSION = 1.0;
				PRODUCT_BUNDLE_IDENTIFIER = io..JournalTests;
				PRODUCT_NAME = "$(TARGET_NAME)";
				SWIFT_EMIT_LOC_STRINGS = NO;
				SWIFT_VERSION = 5.0;
				TARGETED_DEVICE_FAMILY = "1,2";
				TEST_HOST = "$(BUILT_PRODUCTS_DIR)/Journal.app/$(BUNDLE_EXECUTABLE_FOLDER_PATH)/Journal";
			};
			name = Release;
		};
		468E301A2C3EACB4007A87A4 /* Debug */ = {
			isa = XCBuildConfiguration;
			buildSettings = {
				ALWAYS_EMBED_SWIFT_STANDARD_LIBRARIES = YES;
				CODE_SIGN_STYLE = Automatic;
				CURRENT_PROJECT_VERSION = 1;
				DEVELOPMENT_TEAM = X458CUZL7L;
				GENERATE_INFOPLIST_FILE = YES;
				MARKETING_VERSION = 1.0;
				PRODUCT_BUNDLE_IDENTIFIER = io..JournalUITests;
				PRODUCT_NAME = "$(TARGET_NAME)";
				SWIFT_EMIT_LOC_STRINGS = NO;
				SWIFT_VERSION = 5.0;
				TARGETED_DEVICE_FAMILY = "1,2";
				TEST_TARGET_NAME = Journal;
			};
			name = Debug;
		};
		468E301B2C3EACB4007A87A4 /* Release */ = {
			isa = XCBuildConfiguration;
			buildSettings = {
				ALWAYS_EMBED_SWIFT_STANDARD_LIBRARIES = YES;
				CODE_SIGN_STYLE = Automatic;
				CURRENT_PROJECT_VERSION = 1;
				DEVELOPMENT_TEAM = X458CUZL7L;
				GENERATE_INFOPLIST_FILE = YES;
				MARKETING_VERSION = 1.0;
				PRODUCT_BUNDLE_IDENTIFIER = io..JournalUITests;
				PRODUCT_NAME = "$(TARGET_NAME)";
				SWIFT_EMIT_LOC_STRINGS = NO;
				SWIFT_VERSION = 5.0;
				TARGETED_DEVICE_FAMILY = "1,2";
				TEST_TARGET_NAME = Journal;
			};
			name = Release;
		};
/* End XCBuildConfiguration section */

/* Begin XCConfigurationList section */
		468E2FEA2C3EACB3007A87A4 /* Build configuration list for PBXProject "Journal" */ = {
			isa = XCConfigurationList;
			buildConfigurations = (
				468E30112C3EACB4007A87A4 /* Debug */,
				468E30122C3EACB4007A87A4 /* Release */,
			);
			defaultConfigurationIsVisible = 0;
			defaultConfigurationName = Release;
		};
		468E30132C3EACB4007A87A4 /* Build configuration list for PBXNativeTarget "Journal" */ = {
			isa = XCConfigurationList;
			buildConfigurations = (
				468E30142C3EACB4007A87A4 /* Debug */,
				468E30152C3EACB4007A87A4 /* Release */,
			);
			defaultConfigurationIsVisible = 0;
			defaultConfigurationName = Release;
		};
		468E30162C3EACB4007A87A4 /* Build configuration list for PBXNativeTarget "JournalTests" */ = {
			isa = XCConfigurationList;
			buildConfigurations = (
				468E30172C3EACB4007A87A4 /* Debug */,
				468E30182C3EACB4007A87A4 /* Release */,
			);
			defaultConfigurationIsVisible = 0;
			defaultConfigurationName = Release;
		};
		468E30192C3EACB4007A87A4 /* Build configuration list for PBXNativeTarget "JournalUITests" */ = {
			isa = XCConfigurationList;
			buildConfigurations = (
				468E301A2C3EACB4007A87A4 /* Debug */,
				468E301B2C3EACB4007A87A4 /* Release */,
			);
			defaultConfigurationIsVisible = 0;
			defaultConfigurationName = Release;
		};
/* End XCConfigurationList section */

/* Begin XCRemoteSwiftPackageReference section */
		468E30282C3EAF21007A87A4 /* XCRemoteSwiftPackageReference "firebase-ios-sdk" */ = {
			isa = XCRemoteSwiftPackageReference;
			repositoryURL = "https://github.com/firebase/firebase-ios-sdk";
			requirement = {
				kind = upToNextMajorVersion;
				minimumVersion = 10.0.0;
			};
		};
/* End XCRemoteSwiftPackageReference section */

/* Begin XCSwiftPackageProductDependency section */
		468E302A2C3EAF3C007A87A4 /* FirebaseFirestore */ = {
			isa = XCSwiftPackageProductDependency;
			package = 468E30282C3EAF21007A87A4 /* XCRemoteSwiftPackageReference "firebase-ios-sdk" */;
			productName = FirebaseFirestore;
		};
		468E302C2C3EAF47007A87A4 /* FirebaseFirestoreSwift */ = {
			isa = XCSwiftPackageProductDependency;
			package = 468E30282C3EAF21007A87A4 /* XCRemoteSwiftPackageReference "firebase-ios-sdk" */;
			productName = FirebaseFirestoreSwift;
		};
		468E302E2C3EAF4D007A87A4 /* FirebaseAuth */ = {
			isa = XCSwiftPackageProductDependency;
			package = 468E30282C3EAF21007A87A4 /* XCRemoteSwiftPackageReference "firebase-ios-sdk" */;
			productName = FirebaseAuth;
		};
		468E30302C3EAF62007A87A4 /* FirebaseStorage */ = {
			isa = XCSwiftPackageProductDependency;
			package = 468E30282C3EAF21007A87A4 /* XCRemoteSwiftPackageReference "firebase-ios-sdk" */;
			productName = FirebaseStorage;
		};
/* End XCSwiftPackageProductDependency section */
	};
	rootObject = 468E2FE72C3EACB3007A87A4 /* Project object */;
}
