// !$*UTF8*$!
{
	archiveVersion = 1;
	classes = {
	};
	objectVersion = 56;
	objects = {

/* Begin PBXBuildFile section */
		46A7E9EC2C81FFAE00CD04DB /* JournalApp.swift in Sources */ = {isa = PBXBuildFile; fileRef = 46A7E9EB2C81FFAE00CD04DB /* JournalApp.swift */; };
		46A7E9EE2C81FFAE00CD04DB /* ContentView.swift in Sources */ = {isa = PBXBuildFile; fileRef = 46A7E9ED2C81FFAE00CD04DB /* ContentView.swift */; };
		46A7E9F02C81FFAF00CD04DB /* Assets.xcassets in Resources */ = {isa = PBXBuildFile; fileRef = 46A7E9EF2C81FFAF00CD04DB /* Assets.xcassets */; };
		46A7E9F32C81FFAF00CD04DB /* Preview Assets.xcassets in Resources */ = {isa = PBXBuildFile; fileRef = 46A7E9F22C81FFAF00CD04DB /* Preview Assets.xcassets */; };
		46A7E9FD2C81FFAF00CD04DB /* JournalTests.swift in Sources */ = {isa = PBXBuildFile; fileRef = 46A7E9FC2C81FFAF00CD04DB /* JournalTests.swift */; };
		46A7EA072C81FFAF00CD04DB /* JournalUITests.swift in Sources */ = {isa = PBXBuildFile; fileRef = 46A7EA062C81FFAF00CD04DB /* JournalUITests.swift */; };
		46A7EA092C81FFAF00CD04DB /* JournalUITestsLaunchTests.swift in Sources */ = {isa = PBXBuildFile; fileRef = 46A7EA082C81FFAF00CD04DB /* JournalUITestsLaunchTests.swift */; };
/* End PBXBuildFile section */

/* Begin PBXContainerItemProxy section */
		46A7E9F92C81FFAF00CD04DB /* PBXContainerItemProxy */ = {
			isa = PBXContainerItemProxy;
			containerPortal = 46A7E9E02C81FFAE00CD04DB /* Project object */;
			proxyType = 1;
			remoteGlobalIDString = 46A7E9E72C81FFAE00CD04DB;
			remoteInfo = Journal;
		};
		46A7EA032C81FFAF00CD04DB /* PBXContainerItemProxy */ = {
			isa = PBXContainerItemProxy;
			containerPortal = 46A7E9E02C81FFAE00CD04DB /* Project object */;
			proxyType = 1;
			remoteGlobalIDString = 46A7E9E72C81FFAE00CD04DB;
			remoteInfo = Journal;
		};
/* End PBXContainerItemProxy section */

/* Begin PBXFileReference section */
		46A7E9E82C81FFAE00CD04DB /* Journal.app */ = {isa = PBXFileReference; explicitFileType = wrapper.application; includeInIndex = 0; path = Journal.app; sourceTree = BUILT_PRODUCTS_DIR; };
		46A7E9EB2C81FFAE00CD04DB /* JournalApp.swift */ = {isa = PBXFileReference; lastKnownFileType = sourcecode.swift; path = JournalApp.swift; sourceTree = "<group>"; };
		46A7E9ED2C81FFAE00CD04DB /* ContentView.swift */ = {isa = PBXFileReference; lastKnownFileType = sourcecode.swift; path = ContentView.swift; sourceTree = "<group>"; };
		46A7E9EF2C81FFAF00CD04DB /* Assets.xcassets */ = {isa = PBXFileReference; lastKnownFileType = folder.assetcatalog; path = Assets.xcassets; sourceTree = "<group>"; };
		46A7E9F22C81FFAF00CD04DB /* Preview Assets.xcassets */ = {isa = PBXFileReference; lastKnownFileType = folder.assetcatalog; path = "Preview Assets.xcassets"; sourceTree = "<group>"; };
		46A7E9F82C81FFAF00CD04DB /* JournalTests.xctest */ = {isa = PBXFileReference; explicitFileType = wrapper.cfbundle; includeInIndex = 0; path = JournalTests.xctest; sourceTree = BUILT_PRODUCTS_DIR; };
		46A7E9FC2C81FFAF00CD04DB /* JournalTests.swift */ = {isa = PBXFileReference; lastKnownFileType = sourcecode.swift; path = JournalTests.swift; sourceTree = "<group>"; };
		46A7EA022C81FFAF00CD04DB /* JournalUITests.xctest */ = {isa = PBXFileReference; explicitFileType = wrapper.cfbundle; includeInIndex = 0; path = JournalUITests.xctest; sourceTree = BUILT_PRODUCTS_DIR; };
		46A7EA062C81FFAF00CD04DB /* JournalUITests.swift */ = {isa = PBXFileReference; lastKnownFileType = sourcecode.swift; path = JournalUITests.swift; sourceTree = "<group>"; };
		46A7EA082C81FFAF00CD04DB /* JournalUITestsLaunchTests.swift */ = {isa = PBXFileReference; lastKnownFileType = sourcecode.swift; path = JournalUITestsLaunchTests.swift; sourceTree = "<group>"; };
/* End PBXFileReference section */

/* Begin PBXFrameworksBuildPhase section */
		46A7E9E52C81FFAE00CD04DB /* Frameworks */ = {
			isa = PBXFrameworksBuildPhase;
			buildActionMask = 2147483647;
			files = (
			);
			runOnlyForDeploymentPostprocessing = 0;
		};
		46A7E9F52C81FFAF00CD04DB /* Frameworks */ = {
			isa = PBXFrameworksBuildPhase;
			buildActionMask = 2147483647;
			files = (
			);
			runOnlyForDeploymentPostprocessing = 0;
		};
		46A7E9FF2C81FFAF00CD04DB /* Frameworks */ = {
			isa = PBXFrameworksBuildPhase;
			buildActionMask = 2147483647;
			files = (
			);
			runOnlyForDeploymentPostprocessing = 0;
		};
/* End PBXFrameworksBuildPhase section */

/* Begin PBXGroup section */
		46A7E9DF2C81FFAE00CD04DB = {
			isa = PBXGroup;
			children = (
				46A7E9EA2C81FFAE00CD04DB /* Journal */,
				46A7E9FB2C81FFAF00CD04DB /* JournalTests */,
				46A7EA052C81FFAF00CD04DB /* JournalUITests */,
				46A7E9E92C81FFAE00CD04DB /* Products */,
			);
			sourceTree = "<group>";
		};
		46A7E9E92C81FFAE00CD04DB /* Products */ = {
			isa = PBXGroup;
			children = (
				46A7E9E82C81FFAE00CD04DB /* Journal.app */,
				46A7E9F82C81FFAF00CD04DB /* JournalTests.xctest */,
				46A7EA022C81FFAF00CD04DB /* JournalUITests.xctest */,
			);
			name = Products;
			sourceTree = "<group>";
		};
		46A7E9EA2C81FFAE00CD04DB /* Journal */ = {
			isa = PBXGroup;
			children = (
				46A7E9EB2C81FFAE00CD04DB /* JournalApp.swift */,
				46A7E9ED2C81FFAE00CD04DB /* ContentView.swift */,
				46A7E9EF2C81FFAF00CD04DB /* Assets.xcassets */,
				46A7E9F12C81FFAF00CD04DB /* Preview Content */,
			);
			path = Journal;
			sourceTree = "<group>";
		};
		46A7E9F12C81FFAF00CD04DB /* Preview Content */ = {
			isa = PBXGroup;
			children = (
				46A7E9F22C81FFAF00CD04DB /* Preview Assets.xcassets */,
			);
			path = "Preview Content";
			sourceTree = "<group>";
		};
		46A7E9FB2C81FFAF00CD04DB /* JournalTests */ = {
			isa = PBXGroup;
			children = (
				46A7E9FC2C81FFAF00CD04DB /* JournalTests.swift */,
			);
			path = JournalTests;
			sourceTree = "<group>";
		};
		46A7EA052C81FFAF00CD04DB /* JournalUITests */ = {
			isa = PBXGroup;
			children = (
				46A7EA062C81FFAF00CD04DB /* JournalUITests.swift */,
				46A7EA082C81FFAF00CD04DB /* JournalUITestsLaunchTests.swift */,
			);
			path = JournalUITests;
			sourceTree = "<group>";
		};
/* End PBXGroup section */

/* Begin PBXNativeTarget section */
		46A7E9E72C81FFAE00CD04DB /* Journal */ = {
			isa = PBXNativeTarget;
			buildConfigurationList = 46A7EA0C2C81FFAF00CD04DB /* Build configuration list for PBXNativeTarget "Journal" */;
			buildPhases = (
				46A7E9E42C81FFAE00CD04DB /* Sources */,
				46A7E9E52C81FFAE00CD04DB /* Frameworks */,
				46A7E9E62C81FFAE00CD04DB /* Resources */,
			);
			buildRules = (
			);
			dependencies = (
			);
			name = Journal;
			productName = Journal;
			productReference = 46A7E9E82C81FFAE00CD04DB /* Journal.app */;
			productType = "com.apple.product-type.application";
		};
		46A7E9F72C81FFAF00CD04DB /* JournalTests */ = {
			isa = PBXNativeTarget;
			buildConfigurationList = 46A7EA0F2C81FFAF00CD04DB /* Build configuration list for PBXNativeTarget "JournalTests" */;
			buildPhases = (
				46A7E9F42C81FFAF00CD04DB /* Sources */,
				46A7E9F52C81FFAF00CD04DB /* Frameworks */,
				46A7E9F62C81FFAF00CD04DB /* Resources */,
			);
			buildRules = (
			);
			dependencies = (
				46A7E9FA2C81FFAF00CD04DB /* PBXTargetDependency */,
			);
			name = JournalTests;
			productName = JournalTests;
			productReference = 46A7E9F82C81FFAF00CD04DB /* JournalTests.xctest */;
			productType = "com.apple.product-type.bundle.unit-test";
		};
		46A7EA012C81FFAF00CD04DB /* JournalUITests */ = {
			isa = PBXNativeTarget;
			buildConfigurationList = 46A7EA122C81FFAF00CD04DB /* Build configuration list for PBXNativeTarget "JournalUITests" */;
			buildPhases = (
				46A7E9FE2C81FFAF00CD04DB /* Sources */,
				46A7E9FF2C81FFAF00CD04DB /* Frameworks */,
				46A7EA002C81FFAF00CD04DB /* Resources */,
			);
			buildRules = (
			);
			dependencies = (
				46A7EA042C81FFAF00CD04DB /* PBXTargetDependency */,
			);
			name = JournalUITests;
			productName = JournalUITests;
			productReference = 46A7EA022C81FFAF00CD04DB /* JournalUITests.xctest */;
			productType = "com.apple.product-type.bundle.ui-testing";
		};
/* End PBXNativeTarget section */

/* Begin PBXProject section */
		46A7E9E02C81FFAE00CD04DB /* Project object */ = {
			isa = PBXProject;
			attributes = {
				BuildIndependentTargetsInParallel = 1;
				LastSwiftUpdateCheck = 1540;
				LastUpgradeCheck = 1540;
				TargetAttributes = {
					46A7E9E72C81FFAE00CD04DB = {
						CreatedOnToolsVersion = 15.4;
					};
					46A7E9F72C81FFAF00CD04DB = {
						CreatedOnToolsVersion = 15.4;
						TestTargetID = 46A7E9E72C81FFAE00CD04DB;
					};
					46A7EA012C81FFAF00CD04DB = {
						CreatedOnToolsVersion = 15.4;
						TestTargetID = 46A7E9E72C81FFAE00CD04DB;
					};
				};
			};
			buildConfigurationList = 46A7E9E32C81FFAE00CD04DB /* Build configuration list for PBXProject "Journal" */;
			compatibilityVersion = "Xcode 14.0";
			developmentRegion = en;
			hasScannedForEncodings = 0;
			knownRegions = (
				en,
				Base,
			);
			mainGroup = 46A7E9DF2C81FFAE00CD04DB;
			productRefGroup = 46A7E9E92C81FFAE00CD04DB /* Products */;
			projectDirPath = "";
			projectRoot = "";
			targets = (
				46A7E9E72C81FFAE00CD04DB /* Journal */,
				46A7E9F72C81FFAF00CD04DB /* JournalTests */,
				46A7EA012C81FFAF00CD04DB /* JournalUITests */,
			);
		};
/* End PBXProject section */

/* Begin PBXResourcesBuildPhase section */
		46A7E9E62C81FFAE00CD04DB /* Resources */ = {
			isa = PBXResourcesBuildPhase;
			buildActionMask = 2147483647;
			files = (
				46A7E9F32C81FFAF00CD04DB /* Preview Assets.xcassets in Resources */,
				46A7E9F02C81FFAF00CD04DB /* Assets.xcassets in Resources */,
			);
			runOnlyForDeploymentPostprocessing = 0;
		};
		46A7E9F62C81FFAF00CD04DB /* Resources */ = {
			isa = PBXResourcesBuildPhase;
			buildActionMask = 2147483647;
			files = (
			);
			runOnlyForDeploymentPostprocessing = 0;
		};
		46A7EA002C81FFAF00CD04DB /* Resources */ = {
			isa = PBXResourcesBuildPhase;
			buildActionMask = 2147483647;
			files = (
			);
			runOnlyForDeploymentPostprocessing = 0;
		};
/* End PBXResourcesBuildPhase section */

/* Begin PBXSourcesBuildPhase section */
		46A7E9E42C81FFAE00CD04DB /* Sources */ = {
			isa = PBXSourcesBuildPhase;
			buildActionMask = 2147483647;
			files = (
				46A7E9EE2C81FFAE00CD04DB /* ContentView.swift in Sources */,
				46A7E9EC2C81FFAE00CD04DB /* JournalApp.swift in Sources */,
			);
			runOnlyForDeploymentPostprocessing = 0;
		};
		46A7E9F42C81FFAF00CD04DB /* Sources */ = {
			isa = PBXSourcesBuildPhase;
			buildActionMask = 2147483647;
			files = (
				46A7E9FD2C81FFAF00CD04DB /* JournalTests.swift in Sources */,
			);
			runOnlyForDeploymentPostprocessing = 0;
		};
		46A7E9FE2C81FFAF00CD04DB /* Sources */ = {
			isa = PBXSourcesBuildPhase;
			buildActionMask = 2147483647;
			files = (
				46A7EA092C81FFAF00CD04DB /* JournalUITestsLaunchTests.swift in Sources */,
				46A7EA072C81FFAF00CD04DB /* JournalUITests.swift in Sources */,
			);
			runOnlyForDeploymentPostprocessing = 0;
		};
/* End PBXSourcesBuildPhase section */

/* Begin PBXTargetDependency section */
		46A7E9FA2C81FFAF00CD04DB /* PBXTargetDependency */ = {
			isa = PBXTargetDependency;
			target = 46A7E9E72C81FFAE00CD04DB /* Journal */;
			targetProxy = 46A7E9F92C81FFAF00CD04DB /* PBXContainerItemProxy */;
		};
		46A7EA042C81FFAF00CD04DB /* PBXTargetDependency */ = {
			isa = PBXTargetDependency;
			target = 46A7E9E72C81FFAE00CD04DB /* Journal */;
			targetProxy = 46A7EA032C81FFAF00CD04DB /* PBXContainerItemProxy */;
		};
/* End PBXTargetDependency section */

/* Begin XCBuildConfiguration section */
		46A7EA0A2C81FFAF00CD04DB /* Debug */ = {
			isa = XCBuildConfiguration;
			buildSettings = {
				ALWAYS_SEARCH_USER_PATHS = NO;
				ASSETCATALOG_COMPILER_GENERATE_SWIFT_ASSET_SYMBOL_EXTENSIONS = YES;
				CLANG_ANALYZER_NONNULL = YES;
				CLANG_ANALYZER_NUMBER_OBJECT_CONVERSION = YES_AGGRESSIVE;
				CLANG_CXX_LANGUAGE_STANDARD = "gnu++20";
				CLANG_ENABLE_MODULES = YES;
				CLANG_ENABLE_OBJC_ARC = YES;
				CLANG_ENABLE_OBJC_WEAK = YES;
				CLANG_WARN_BLOCK_CAPTURE_AUTORELEASING = YES;
				CLANG_WARN_BOOL_CONVERSION = YES;
				CLANG_WARN_COMMA = YES;
				CLANG_WARN_CONSTANT_CONVERSION = YES;
				CLANG_WARN_DEPRECATED_OBJC_IMPLEMENTATIONS = YES;
				CLANG_WARN_DIRECT_OBJC_ISA_USAGE = YES_ERROR;
				CLANG_WARN_DOCUMENTATION_COMMENTS = YES;
				CLANG_WARN_EMPTY_BODY = YES;
				CLANG_WARN_ENUM_CONVERSION = YES;
				CLANG_WARN_INFINITE_RECURSION = YES;
				CLANG_WARN_INT_CONVERSION = YES;
				CLANG_WARN_NON_LITERAL_NULL_CONVERSION = YES;
				CLANG_WARN_OBJC_IMPLICIT_RETAIN_SELF = YES;
				CLANG_WARN_OBJC_LITERAL_CONVERSION = YES;
				CLANG_WARN_OBJC_ROOT_CLASS = YES_ERROR;
				CLANG_WARN_QUOTED_INCLUDE_IN_FRAMEWORK_HEADER = YES;
				CLANG_WARN_RANGE_LOOP_ANALYSIS = YES;
				CLANG_WARN_STRICT_PROTOTYPES = YES;
				CLANG_WARN_SUSPICIOUS_MOVE = YES;
				CLANG_WARN_UNGUARDED_AVAILABILITY = YES_AGGRESSIVE;
				CLANG_WARN_UNREACHABLE_CODE = YES;
				CLANG_WARN__DUPLICATE_METHOD_MATCH = YES;
				COPY_PHASE_STRIP = NO;
				DEBUG_INFORMATION_FORMAT = dwarf;
				ENABLE_STRICT_OBJC_MSGSEND = YES;
				ENABLE_TESTABILITY = YES;
				ENABLE_USER_SCRIPT_SANDBOXING = YES;
				GCC_C_LANGUAGE_STANDARD = gnu17;
				GCC_DYNAMIC_NO_PIC = NO;
				GCC_NO_COMMON_BLOCKS = YES;
				GCC_OPTIMIZATION_LEVEL = 0;
				GCC_PREPROCESSOR_DEFINITIONS = (
					"DEBUG=1",
					"$(inherited)",
				);
				GCC_WARN_64_TO_32_BIT_CONVERSION = YES;
				GCC_WARN_ABOUT_RETURN_TYPE = YES_ERROR;
				GCC_WARN_UNDECLARED_SELECTOR = YES;
				GCC_WARN_UNINITIALIZED_AUTOS = YES_AGGRESSIVE;
				GCC_WARN_UNUSED_FUNCTION = YES;
				GCC_WARN_UNUSED_VARIABLE = YES;
				IPHONEOS_DEPLOYMENT_TARGET = 17.5;
				LOCALIZATION_PREFERS_STRING_CATALOGS = YES;
				MTL_ENABLE_DEBUG_INFO = INCLUDE_SOURCE;
				MTL_FAST_MATH = YES;
				ONLY_ACTIVE_ARCH = YES;
				SDKROOT = iphoneos;
				SWIFT_ACTIVE_COMPILATION_CONDITIONS = "DEBUG $(inherited)";
				SWIFT_OPTIMIZATION_LEVEL = "-Onone";
			};
			name = Debug;
		};
		46A7EA0B2C81FFAF00CD04DB /* Release */ = {
			isa = XCBuildConfiguration;
			buildSettings = {
				ALWAYS_SEARCH_USER_PATHS = NO;
				ASSETCATALOG_COMPILER_GENERATE_SWIFT_ASSET_SYMBOL_EXTENSIONS = YES;
				CLANG_ANALYZER_NONNULL = YES;
				CLANG_ANALYZER_NUMBER_OBJECT_CONVERSION = YES_AGGRESSIVE;
				CLANG_CXX_LANGUAGE_STANDARD = "gnu++20";
				CLANG_ENABLE_MODULES = YES;
				CLANG_ENABLE_OBJC_ARC = YES;
				CLANG_ENABLE_OBJC_WEAK = YES;
				CLANG_WARN_BLOCK_CAPTURE_AUTORELEASING = YES;
				CLANG_WARN_BOOL_CONVERSION = YES;
				CLANG_WARN_COMMA = YES;
				CLANG_WARN_CONSTANT_CONVERSION = YES;
				CLANG_WARN_DEPRECATED_OBJC_IMPLEMENTATIONS = YES;
				CLANG_WARN_DIRECT_OBJC_ISA_USAGE = YES_ERROR;
				CLANG_WARN_DOCUMENTATION_COMMENTS = YES;
				CLANG_WARN_EMPTY_BODY = YES;
				CLANG_WARN_ENUM_CONVERSION = YES;
				CLANG_WARN_INFINITE_RECURSION = YES;
				CLANG_WARN_INT_CONVERSION = YES;
				CLANG_WARN_NON_LITERAL_NULL_CONVERSION = YES;
				CLANG_WARN_OBJC_IMPLICIT_RETAIN_SELF = YES;
				CLANG_WARN_OBJC_LITERAL_CONVERSION = YES;
				CLANG_WARN_OBJC_ROOT_CLASS = YES_ERROR;
				CLANG_WARN_QUOTED_INCLUDE_IN_FRAMEWORK_HEADER = YES;
				CLANG_WARN_RANGE_LOOP_ANALYSIS = YES;
				CLANG_WARN_STRICT_PROTOTYPES = YES;
				CLANG_WARN_SUSPICIOUS_MOVE = YES;
				CLANG_WARN_UNGUARDED_AVAILABILITY = YES_AGGRESSIVE;
				CLANG_WARN_UNREACHABLE_CODE = YES;
				CLANG_WARN__DUPLICATE_METHOD_MATCH = YES;
				COPY_PHASE_STRIP = NO;
				DEBUG_INFORMATION_FORMAT = "dwarf-with-dsym";
				ENABLE_NS_ASSERTIONS = NO;
				ENABLE_STRICT_OBJC_MSGSEND = YES;
				ENABLE_USER_SCRIPT_SANDBOXING = YES;
				GCC_C_LANGUAGE_STANDARD = gnu17;
				GCC_NO_COMMON_BLOCKS = YES;
				GCC_WARN_64_TO_32_BIT_CONVERSION = YES;
				GCC_WARN_ABOUT_RETURN_TYPE = YES_ERROR;
				GCC_WARN_UNDECLARED_SELECTOR = YES;
				GCC_WARN_UNINITIALIZED_AUTOS = YES_AGGRESSIVE;
				GCC_WARN_UNUSED_FUNCTION = YES;
				GCC_WARN_UNUSED_VARIABLE = YES;
				IPHONEOS_DEPLOYMENT_TARGET = 17.5;
				LOCALIZATION_PREFERS_STRING_CATALOGS = YES;
				MTL_ENABLE_DEBUG_INFO = NO;
				MTL_FAST_MATH = YES;
				SDKROOT = iphoneos;
				SWIFT_COMPILATION_MODE = wholemodule;
				VALIDATE_PRODUCT = YES;
			};
			name = Release;
		};
		46A7EA0D2C81FFAF00CD04DB /* Debug */ = {
			isa = XCBuildConfiguration;
			buildSettings = {
				ASSETCATALOG_COMPILER_APPICON_NAME = AppIcon;
				ASSETCATALOG_COMPILER_GLOBAL_ACCENT_COLOR_NAME = AccentColor;
				CODE_SIGN_STYLE = Automatic;
				CURRENT_PROJECT_VERSION = 1;
				DEVELOPMENT_ASSET_PATHS = "\"Journal/Preview Content\"";
				DEVELOPMENT_TEAM = X458CUZL7L;
				ENABLE_PREVIEWS = YES;
				GENERATE_INFOPLIST_FILE = YES;
				INFOPLIST_KEY_UIApplicationSceneManifest_Generation = YES;
				INFOPLIST_KEY_UIApplicationSupportsIndirectInputEvents = YES;
				INFOPLIST_KEY_UILaunchScreen_Generation = YES;
				INFOPLIST_KEY_UISupportedInterfaceOrientations_iPad = "UIInterfaceOrientationPortrait UIInterfaceOrientationPortraitUpsideDown UIInterfaceOrientationLandscapeLeft UIInterfaceOrientationLandscapeRight";
				INFOPLIST_KEY_UISupportedInterfaceOrientations_iPhone = "UIInterfaceOrientationPortrait UIInterfaceOrientationLandscapeLeft UIInterfaceOrientationLandscapeRight";
				LD_RUNPATH_SEARCH_PATHS = (
					"$(inherited)",
					"@executable_path/Frameworks",
				);
				MARKETING_VERSION = 1.0;
				PRODUCT_BUNDLE_IDENTIFIER = io..Journal;
				PRODUCT_NAME = "$(TARGET_NAME)";
				SWIFT_EMIT_LOC_STRINGS = YES;
				SWIFT_VERSION = 5.0;
				TARGETED_DEVICE_FAMILY = "1,2";
			};
			name = Debug;
		};
		46A7EA0E2C81FFAF00CD04DB /* Release */ = {
			isa = XCBuildConfiguration;
			buildSettings = {
				ASSETCATALOG_COMPILER_APPICON_NAME = AppIcon;
				ASSETCATALOG_COMPILER_GLOBAL_ACCENT_COLOR_NAME = AccentColor;
				CODE_SIGN_STYLE = Automatic;
				CURRENT_PROJECT_VERSION = 1;
				DEVELOPMENT_ASSET_PATHS = "\"Journal/Preview Content\"";
				DEVELOPMENT_TEAM = X458CUZL7L;
				ENABLE_PREVIEWS = YES;
				GENERATE_INFOPLIST_FILE = YES;
				INFOPLIST_KEY_UIApplicationSceneManifest_Generation = YES;
				INFOPLIST_KEY_UIApplicationSupportsIndirectInputEvents = YES;
				INFOPLIST_KEY_UILaunchScreen_Generation = YES;
				INFOPLIST_KEY_UISupportedInterfaceOrientations_iPad = "UIInterfaceOrientationPortrait UIInterfaceOrientationPortraitUpsideDown UIInterfaceOrientationLandscapeLeft UIInterfaceOrientationLandscapeRight";
				INFOPLIST_KEY_UISupportedInterfaceOrientations_iPhone = "UIInterfaceOrientationPortrait UIInterfaceOrientationLandscapeLeft UIInterfaceOrientationLandscapeRight";
				LD_RUNPATH_SEARCH_PATHS = (
					"$(inherited)",
					"@executable_path/Frameworks",
				);
				MARKETING_VERSION = 1.0;
				PRODUCT_BUNDLE_IDENTIFIER = io..Journal;
				PRODUCT_NAME = "$(TARGET_NAME)";
				SWIFT_EMIT_LOC_STRINGS = YES;
				SWIFT_VERSION = 5.0;
				TARGETED_DEVICE_FAMILY = "1,2";
			};
			name = Release;
		};
		46A7EA102C81FFAF00CD04DB /* Debug */ = {
			isa = XCBuildConfiguration;
			buildSettings = {
				ALWAYS_EMBED_SWIFT_STANDARD_LIBRARIES = YES;
				BUNDLE_LOADER = "$(TEST_HOST)";
				CODE_SIGN_STYLE = Automatic;
				CURRENT_PROJECT_VERSION = 1;
				DEVELOPMENT_TEAM = X458CUZL7L;
				GENERATE_INFOPLIST_FILE = YES;
				IPHONEOS_DEPLOYMENT_TARGET = 17.5;
				MARKETING_VERSION = 1.0;
				PRODUCT_BUNDLE_IDENTIFIER = io..JournalTests;
				PRODUCT_NAME = "$(TARGET_NAME)";
				SWIFT_EMIT_LOC_STRINGS = NO;
				SWIFT_VERSION = 5.0;
				TARGETED_DEVICE_FAMILY = "1,2";
				TEST_HOST = "$(BUILT_PRODUCTS_DIR)/Journal.app/$(BUNDLE_EXECUTABLE_FOLDER_PATH)/Journal";
			};
			name = Debug;
		};
		46A7EA112C81FFAF00CD04DB /* Release */ = {
			isa = XCBuildConfiguration;
			buildSettings = {
				ALWAYS_EMBED_SWIFT_STANDARD_LIBRARIES = YES;
				BUNDLE_LOADER = "$(TEST_HOST)";
				CODE_SIGN_STYLE = Automatic;
				CURRENT_PROJECT_VERSION = 1;
				DEVELOPMENT_TEAM = X458CUZL7L;
				GENERATE_INFOPLIST_FILE = YES;
				IPHONEOS_DEPLOYMENT_TARGET = 17.5;
				MARKETING_VERSION = 1.0;
				PRODUCT_BUNDLE_IDENTIFIER = io..JournalTests;
				PRODUCT_NAME = "$(TARGET_NAME)";
				SWIFT_EMIT_LOC_STRINGS = NO;
				SWIFT_VERSION = 5.0;
				TARGETED_DEVICE_FAMILY = "1,2";
				TEST_HOST = "$(BUILT_PRODUCTS_DIR)/Journal.app/$(BUNDLE_EXECUTABLE_FOLDER_PATH)/Journal";
			};
			name = Release;
		};
		46A7EA132C81FFAF00CD04DB /* Debug */ = {
			isa = XCBuildConfiguration;
			buildSettings = {
				ALWAYS_EMBED_SWIFT_STANDARD_LIBRARIES = YES;
				CODE_SIGN_STYLE = Automatic;
				CURRENT_PROJECT_VERSION = 1;
				DEVELOPMENT_TEAM = X458CUZL7L;
				GENERATE_INFOPLIST_FILE = YES;
				MARKETING_VERSION = 1.0;
				PRODUCT_BUNDLE_IDENTIFIER = io..JournalUITests;
				PRODUCT_NAME = "$(TARGET_NAME)";
				SWIFT_EMIT_LOC_STRINGS = NO;
				SWIFT_VERSION = 5.0;
				TARGETED_DEVICE_FAMILY = "1,2";
				TEST_TARGET_NAME = Journal;
			};
			name = Debug;
		};
		46A7EA142C81FFAF00CD04DB /* Release */ = {
			isa = XCBuildConfiguration;
			buildSettings = {
				ALWAYS_EMBED_SWIFT_STANDARD_LIBRARIES = YES;
				CODE_SIGN_STYLE = Automatic;
				CURRENT_PROJECT_VERSION = 1;
				DEVELOPMENT_TEAM = X458CUZL7L;
				GENERATE_INFOPLIST_FILE = YES;
				MARKETING_VERSION = 1.0;
				PRODUCT_BUNDLE_IDENTIFIER = io..JournalUITests;
				PRODUCT_NAME = "$(TARGET_NAME)";
				SWIFT_EMIT_LOC_STRINGS = NO;
				SWIFT_VERSION = 5.0;
				TARGETED_DEVICE_FAMILY = "1,2";
				TEST_TARGET_NAME = Journal;
			};
			name = Release;
		};
/* End XCBuildConfiguration section */

/* Begin XCConfigurationList section */
		46A7E9E32C81FFAE00CD04DB /* Build configuration list for PBXProject "Journal" */ = {
			isa = XCConfigurationList;
			buildConfigurations = (
				46A7EA0A2C81FFAF00CD04DB /* Debug */,
				46A7EA0B2C81FFAF00CD04DB /* Release */,
			);
			defaultConfigurationIsVisible = 0;
			defaultConfigurationName = Release;
		};
		46A7EA0C2C81FFAF00CD04DB /* Build configuration list for PBXNativeTarget "Journal" */ = {
			isa = XCConfigurationList;
			buildConfigurations = (
				46A7EA0D2C81FFAF00CD04DB /* Debug */,
				46A7EA0E2C81FFAF00CD04DB /* Release */,
			);
			defaultConfigurationIsVisible = 0;
			defaultConfigurationName = Release;
		};
		46A7EA0F2C81FFAF00CD04DB /* Build configuration list for PBXNativeTarget "JournalTests" */ = {
			isa = XCConfigurationList;
			buildConfigurations = (
				46A7EA102C81FFAF00CD04DB /* Debug */,
				46A7EA112C81FFAF00CD04DB /* Release */,
			);
			defaultConfigurationIsVisible = 0;
			defaultConfigurationName = Release;
		};
		46A7EA122C81FFAF00CD04DB /* Build configuration list for PBXNativeTarget "JournalUITests" */ = {
			isa = XCConfigurationList;
			buildConfigurations = (
				46A7EA132C81FFAF00CD04DB /* Debug */,
				46A7EA142C81FFAF00CD04DB /* Release */,
			);
			defaultConfigurationIsVisible = 0;
			defaultConfigurationName = Release;
		};
/* End XCConfigurationList section */
	};
	rootObject = 46A7E9E02C81FFAE00CD04DB /* Project object */;
}
